PODS:
  - CoreBitcoin (0.6.7):
    - ISO8601DateFormatter
    - OpenSSL-Universal (= 1.0.1.j-2)
  - FMDB (2.1):
    - FMDB/standard (= 2.1)
  - FMDB/common (2.1)
  - FMDB/standard (2.1):
    - FMDB/common
  - ISO8601DateFormatter (0.7)
  - OpenSSL-Universal (1.0.1.j-2)

DEPENDENCIES:
  - CoreBitcoin (from `https://github.com/oleganza/CoreBitcoin.git`)
  - FMDB (from `https://github.com/pierlis/fmdb.git`, commit `9264dec1133c646af5c59ed8ad12a647599a99be`)

EXTERNAL SOURCES:
  CoreBitcoin:
    :git: https://github.com/oleganza/CoreBitcoin.git
  FMDB:
    :commit: 9264dec1133c646af5c59ed8ad12a647599a99be
    :git: https://github.com/pierlis/fmdb.git

CHECKOUT OPTIONS:
  CoreBitcoin:
    :commit: d1ce1af904cc6517f4e1cc133f517af7c7bad6c4
    :git: https://github.com/oleganza/CoreBitcoin.git
  FMDB:
    :commit: 9264dec1133c646af5c59ed8ad12a647599a99be
    :git: https://github.com/pierlis/fmdb.git

SPEC CHECKSUMS:
  CoreBitcoin: 55bd890f6f867888ccdcec99d3e3a07c10840a8e
  FMDB: ad42a866ee0fc9a40e9d9d565434c768ac5aaaa0
  ISO8601DateFormatter: ab926648eebe497f4d167c0fd083992f959f1274
  OpenSSL-Universal: 438433f1eaa4f7fbc787445c2e520c522ef0f024

COCOAPODS: 0.36.1
