// !$*UTF8*$!
{
	archiveVersion = 1;
	classes = {
	};
	objectVersion = 46;
	objects = {

/* Begin PBXBuildFile section */
		13DC93D53302498C84E6F0E9 /* libPods-Mycelium Wallet.a in Frameworks */ = {isa = PBXBuildFile; fileRef = BEF63E079F9D4BC58CFB5075 /* libPods-Mycelium Wallet.a */; };
		200AAE3719F91EE50004F908 /* MYCTextFieldLiveFormatter.m in Sources */ = {isa = PBXBuildFile; fileRef = 200AAE3619F91EE50004F908 /* MYCTextFieldLiveFormatter.m */; };
		200AAE3919F93FFB0004F908 /* AVFoundation.framework in Frameworks */ = {isa = PBXBuildFile; fileRef = 200AAE3819F93FFB0004F908 /* AVFoundation.framework */; };
		200AAE3C19F9440C0004F908 /* MYCScannerView.m in Sources */ = {isa = PBXBuildFile; fileRef = 200AAE3B19F9440C0004F908 /* MYCScannerView.m */; };
		20203AD619F65E290085C01F /* MYCBaseTxOutput.m in Sources */ = {isa = PBXBuildFile; fileRef = 20203AD519F65E290085C01F /* MYCBaseTxOutput.m */; };
		20203ADC19F665F80085C01F /* MYCDatabaseMigrations.m in Sources */ = {isa = PBXBuildFile; fileRef = 20203ADB19F665F80085C01F /* MYCDatabaseMigrations.m */; };
		203AA49519DC364200572BD9 /* MYCWalletAccount.m in Sources */ = {isa = PBXBuildFile; fileRef = 203AA49419DC364200572BD9 /* MYCWalletAccount.m */; };
		203AA49819DC365D00572BD9 /* MYCBackend.m in Sources */ = {isa = PBXBuildFile; fileRef = 203AA49719DC365D00572BD9 /* MYCBackend.m */; };
		203AA4A419DC3C4500572BD9 /* MYCRoundedView.m in Sources */ = {isa = PBXBuildFile; fileRef = 203AA4A019DC3C4500572BD9 /* MYCRoundedView.m */; };
		203AA4A519DC3C4500572BD9 /* PTableViewSource.m in Sources */ = {isa = PBXBuildFile; fileRef = 203AA4A219DC3C4500572BD9 /* PTableViewSource.m */; };
		203AA4A819DC4A2600572BD9 /* PColor.m in Sources */ = {isa = PBXBuildFile; fileRef = 203AA4A719DC4A2600572BD9 /* PColor.m */; };
		203AA4AD19DC517200572BD9 /* MYCSendViewController.m in Sources */ = {isa = PBXBuildFile; fileRef = 203AA4AB19DC517200572BD9 /* MYCSendViewController.m */; };
		203AA4AE19DC517200572BD9 /* MYCSendViewController.xib in Resources */ = {isa = PBXBuildFile; fileRef = 203AA4AC19DC517200572BD9 /* MYCSendViewController.xib */; };
		203AA4B319DC525100572BD9 /* MYCReceiveViewController.m in Sources */ = {isa = PBXBuildFile; fileRef = 203AA4B119DC525100572BD9 /* MYCReceiveViewController.m */; };
		203AA4B419DC525100572BD9 /* MYCReceiveViewController.xib in Resources */ = {isa = PBXBuildFile; fileRef = 203AA4B219DC525100572BD9 /* MYCReceiveViewController.xib */; };
		203AA4B919DC53C900572BD9 /* MYCBackupViewController.m in Sources */ = {isa = PBXBuildFile; fileRef = 203AA4B719DC53C900572BD9 /* MYCBackupViewController.m */; };
		203AA4BA19DC53C900572BD9 /* MYCBackupViewController.xib in Resources */ = {isa = PBXBuildFile; fileRef = 203AA4B819DC53C900572BD9 /* MYCBackupViewController.xib */; };
		2064E37719D9858F00CD81B8 /* MYCWallet.m in Sources */ = {isa = PBXBuildFile; fileRef = 2064E37619D9858F00CD81B8 /* MYCWallet.m */; };
		2064E38219D9A0D000CD81B8 /* MYCBalanceViewController.m in Sources */ = {isa = PBXBuildFile; fileRef = 2064E38019D9A0D000CD81B8 /* MYCBalanceViewController.m */; };
		2064E38319D9A0D000CD81B8 /* MYCBalanceViewController.xib in Resources */ = {isa = PBXBuildFile; fileRef = 2064E38119D9A0D000CD81B8 /* MYCBalanceViewController.xib */; };
		2064E38719D9A0E400CD81B8 /* MYCAccountsViewController.m in Sources */ = {isa = PBXBuildFile; fileRef = 2064E38519D9A0E400CD81B8 /* MYCAccountsViewController.m */; };
		2064E38819D9A0E400CD81B8 /* MYCAccountsViewController.xib in Resources */ = {isa = PBXBuildFile; fileRef = 2064E38619D9A0E400CD81B8 /* MYCAccountsViewController.xib */; };
		2064E38C19D9A0F200CD81B8 /* MYCTransactionsViewController.m in Sources */ = {isa = PBXBuildFile; fileRef = 2064E38A19D9A0F200CD81B8 /* MYCTransactionsViewController.m */; };
		2064E38D19D9A0F200CD81B8 /* MYCTransactionsViewController.xib in Resources */ = {isa = PBXBuildFile; fileRef = 2064E38B19D9A0F200CD81B8 /* MYCTransactionsViewController.xib */; };
		2064E39119D9A10400CD81B8 /* MYCSettingsViewController.m in Sources */ = {isa = PBXBuildFile; fileRef = 2064E38F19D9A10400CD81B8 /* MYCSettingsViewController.m */; };
		2064E39219D9A10400CD81B8 /* MYCSettingsViewController.xib in Resources */ = {isa = PBXBuildFile; fileRef = 2064E39019D9A10400CD81B8 /* MYCSettingsViewController.xib */; };
		206EA4C01ADC154700F37019 /* MYCVerifyBackupViewController.m in Sources */ = {isa = PBXBuildFile; fileRef = 206EA4BF1ADC154600F37019 /* MYCVerifyBackupViewController.m */; };
		206EA4C31ADC179900F37019 /* MYCRestoreSeedViewController.m in Sources */ = {isa = PBXBuildFile; fileRef = 206EA4C21ADC179900F37019 /* MYCRestoreSeedViewController.m */; };
		206EA4C51ADC17C500F37019 /* MYCVerifyBackupViewController.xib in Resources */ = {isa = PBXBuildFile; fileRef = 206EA4C41ADC17C500F37019 /* MYCVerifyBackupViewController.xib */; };
		207646A31A0249FF000F00F2 /* MYCScanPrivateKeyViewController.m in Sources */ = {isa = PBXBuildFile; fileRef = 207646A11A0249FF000F00F2 /* MYCScanPrivateKeyViewController.m */; };
		207646A41A0249FF000F00F2 /* MYCScanPrivateKeyViewController.xib in Resources */ = {isa = PBXBuildFile; fileRef = 207646A21A0249FF000F00F2 /* MYCScanPrivateKeyViewController.xib */; };
		207647191A0D080A000F00F2 /* MYCWebViewController.m in Sources */ = {isa = PBXBuildFile; fileRef = 207647171A0D080A000F00F2 /* MYCWebViewController.m */; };
		2076471A1A0D080A000F00F2 /* MYCWebViewController.xib in Resources */ = {isa = PBXBuildFile; fileRef = 207647181A0D080A000F00F2 /* MYCWebViewController.xib */; };
		2076471C1A0D0A40000F00F2 /* Credits.html in Resources */ = {isa = PBXBuildFile; fileRef = 2076471B1A0D0A39000F00F2 /* Credits.html */; };
		2076471E1A0D0A93000F00F2 /* Legal.html in Resources */ = {isa = PBXBuildFile; fileRef = 2076471D1A0D0A93000F00F2 /* Legal.html */; };
		208FFB9519D9802000D4C159 /* main.m in Sources */ = {isa = PBXBuildFile; fileRef = 208FFB9419D9802000D4C159 /* main.m */; };
		208FFB9819D9802000D4C159 /* MYCAppDelegate.m in Sources */ = {isa = PBXBuildFile; fileRef = 208FFB9719D9802000D4C159 /* MYCAppDelegate.m */; };
		208FFBA019D9802000D4C159 /* Images.xcassets in Resources */ = {isa = PBXBuildFile; fileRef = 208FFB9F19D9802000D4C159 /* Images.xcassets */; };
		208FFBA319D9802000D4C159 /* LaunchScreen.xib in Resources */ = {isa = PBXBuildFile; fileRef = 208FFBA119D9802000D4C159 /* LaunchScreen.xib */; };
		208FFBAF19D9802000D4C159 /* Mycelium_WalletTests.m in Sources */ = {isa = PBXBuildFile; fileRef = 208FFBAE19D9802000D4C159 /* Mycelium_WalletTests.m */; };
		208FFBBB19D9848800D4C159 /* MYCWelcomeViewController.m in Sources */ = {isa = PBXBuildFile; fileRef = 208FFBB919D9848800D4C159 /* MYCWelcomeViewController.m */; };
		208FFBBC19D9848800D4C159 /* MYCWelcomeViewController.xib in Resources */ = {isa = PBXBuildFile; fileRef = 208FFBBA19D9848800D4C159 /* MYCWelcomeViewController.xib */; };
		208FFBC419D984E700D4C159 /* MYCTabBarController.m in Sources */ = {isa = PBXBuildFile; fileRef = 208FFBC219D984E700D4C159 /* MYCTabBarController.m */; };
		208FFBC519D984E700D4C159 /* MYCTabBarController.xib in Resources */ = {isa = PBXBuildFile; fileRef = 208FFBC319D984E700D4C159 /* MYCTabBarController.xib */; };
		2095C44819FE779900635C85 /* MYCOutgoingTransaction.m in Sources */ = {isa = PBXBuildFile; fileRef = 2095C44719FE779900635C85 /* MYCOutgoingTransaction.m */; };
		2095C44C19FF985100635C85 /* MYCTransactionTableViewCell.m in Sources */ = {isa = PBXBuildFile; fileRef = 2095C44A19FF985100635C85 /* MYCTransactionTableViewCell.m */; };
		2095C44D19FF985100635C85 /* MYCTransactionTableViewCell.xib in Resources */ = {isa = PBXBuildFile; fileRef = 2095C44B19FF985100635C85 /* MYCTransactionTableViewCell.xib */; };
		2095C44F19FFF50A00635C85 /* MYCTransactionDetails.storyboard in Resources */ = {isa = PBXBuildFile; fileRef = 2095C44E19FFF50A00635C85 /* MYCTransactionDetails.storyboard */; };
		2095C45219FFF52400635C85 /* MYCTransactionDetailsViewController.m in Sources */ = {isa = PBXBuildFile; fileRef = 2095C45119FFF52400635C85 /* MYCTransactionDetailsViewController.m */; };
		20A4F1C21ADEE066009027A0 /* MYCRestoreSeedViewController.xib in Resources */ = {isa = PBXBuildFile; fileRef = 20A4F1C11ADEE066009027A0 /* MYCRestoreSeedViewController.xib */; };
		20A9C06E19F50CBF00AF61DE /* MYCUpdateAccountOperation.m in Sources */ = {isa = PBXBuildFile; fileRef = 20A9C06D19F50CBF00AF61DE /* MYCUpdateAccountOperation.m */; };
		20A9C07119F5349500AF61DE /* MYCTransaction.m in Sources */ = {isa = PBXBuildFile; fileRef = 20A9C07019F5349500AF61DE /* MYCTransaction.m */; };
		20A9C07419F534AB00AF61DE /* MYCUnspentOutput.m in Sources */ = {isa = PBXBuildFile; fileRef = 20A9C07319F534AB00AF61DE /* MYCUnspentOutput.m */; };
		20A9C07719F5520C00AF61DE /* MYCParentOutput.m in Sources */ = {isa = PBXBuildFile; fileRef = 20A9C07619F5520C00AF61DE /* MYCParentOutput.m */; };
		20C0F6FF19EEAF7300DD0748 /* MYCAccountTableViewCell.m in Sources */ = {isa = PBXBuildFile; fileRef = 20C0F6FD19EEAF7300DD0748 /* MYCAccountTableViewCell.m */; };
		20C0F70019EEAF7300DD0748 /* MYCAccountTableViewCell.xib in Resources */ = {isa = PBXBuildFile; fileRef = 20C0F6FE19EEAF7300DD0748 /* MYCAccountTableViewCell.xib */; };
		20C0F70419EEB37D00DD0748 /* MYCAccountViewController.m in Sources */ = {isa = PBXBuildFile; fileRef = 20C0F70219EEB37D00DD0748 /* MYCAccountViewController.m */; };
		20C0F70519EEB37D00DD0748 /* MYCAccountViewController.xib in Resources */ = {isa = PBXBuildFile; fileRef = 20C0F70319EEB37D00DD0748 /* MYCAccountViewController.xib */; };
		20C2D7F419E290830022CAAC /* MYCBackupPageView.xib in Resources */ = {isa = PBXBuildFile; fileRef = 20C2D7F319E290830022CAAC /* MYCBackupPageView.xib */; };
		20C2D7F719E292F80022CAAC /* MYCBackupPageView.m in Sources */ = {isa = PBXBuildFile; fileRef = 20C2D7F619E292F80022CAAC /* MYCBackupPageView.m */; };
		20C2D81219E3EDB10022CAAC /* MYCDatabase.m in Sources */ = {isa = PBXBuildFile; fileRef = 20C2D80F19E3EDB10022CAAC /* MYCDatabase.m */; };
		20C2D81319E3EDB10022CAAC /* MYCDatabaseRecord.m in Sources */ = {isa = PBXBuildFile; fileRef = 20C2D81119E3EDB10022CAAC /* MYCDatabaseRecord.m */; };
		20C2D81719E573B00022CAAC /* MYCUnlockedWallet.m in Sources */ = {isa = PBXBuildFile; fileRef = 20C2D81619E573B00022CAAC /* MYCUnlockedWallet.m */; };
		20C2D82919EBC7680022CAAC /* MYCErrorAnimation.m in Sources */ = {isa = PBXBuildFile; fileRef = 20C2D82819EBC7680022CAAC /* MYCErrorAnimation.m */; };
		20C2D82C19EBD6CB0022CAAC /* Reachability.m in Sources */ = {isa = PBXBuildFile; fileRef = 20C2D82B19EBD6CB0022CAAC /* Reachability.m */; settings = {COMPILER_FLAGS = "-fno-objc-arc"; }; };
		20DAD9DB1ACECD9700EBC85F /* Crashlytics.framework in Frameworks */ = {isa = PBXBuildFile; fileRef = 20DAD9DA1ACECD9700EBC85F /* Crashlytics.framework */; };
		311D631D1AADCDD500798450 /* BTCPriceSourceMycelium.m in Sources */ = {isa = PBXBuildFile; fileRef = 311D631C1AADCDD500798450 /* BTCPriceSourceMycelium.m */; };
		311D63221AADD72900798450 /* MYCCurrenciesViewController.m in Sources */ = {isa = PBXBuildFile; fileRef = 311D63201AADD72900798450 /* MYCCurrenciesViewController.m */; };
		311D63261AADD8AF00798450 /* MYCCurrencyFormatter.m in Sources */ = {isa = PBXBuildFile; fileRef = 311D63251AADD8AF00798450 /* MYCCurrencyFormatter.m */; };
		311D63291AADE8F700798450 /* MYCCurrencyTableViewCell.m in Sources */ = {isa = PBXBuildFile; fileRef = 311D63281AADE8F700798450 /* MYCCurrencyTableViewCell.m */; };
		311D632B1AADEE6600798450 /* MYCCurrencyTableViewCell.xib in Resources */ = {isa = PBXBuildFile; fileRef = 311D632A1AADEE6600798450 /* MYCCurrencyTableViewCell.xib */; };
/* End PBXBuildFile section */

/* Begin PBXContainerItemProxy section */
		208FFBA919D9802000D4C159 /* PBXContainerItemProxy */ = {
			isa = PBXContainerItemProxy;
			containerPortal = 208FFB8719D9802000D4C159 /* Project object */;
			proxyType = 1;
			remoteGlobalIDString = 208FFB8E19D9802000D4C159;
			remoteInfo = "Mycelium Wallet";
		};
/* End PBXContainerItemProxy section */

/* Begin PBXFileReference section */
		200AAE3519F91EE50004F908 /* MYCTextFieldLiveFormatter.h */ = {isa = PBXFileReference; fileEncoding = 4; lastKnownFileType = sourcecode.c.h; path = MYCTextFieldLiveFormatter.h; sourceTree = "<group>"; };
		200AAE3619F91EE50004F908 /* MYCTextFieldLiveFormatter.m */ = {isa = PBXFileReference; fileEncoding = 4; lastKnownFileType = sourcecode.c.objc; path = MYCTextFieldLiveFormatter.m; sourceTree = "<group>"; };
		200AAE3819F93FFB0004F908 /* AVFoundation.framework */ = {isa = PBXFileReference; lastKnownFileType = wrapper.framework; name = AVFoundation.framework; path = System/Library/Frameworks/AVFoundation.framework; sourceTree = SDKROOT; };
		200AAE3A19F9440C0004F908 /* MYCScannerView.h */ = {isa = PBXFileReference; fileEncoding = 4; lastKnownFileType = sourcecode.c.h; path = MYCScannerView.h; sourceTree = "<group>"; };
		200AAE3B19F9440C0004F908 /* MYCScannerView.m */ = {isa = PBXFileReference; fileEncoding = 4; lastKnownFileType = sourcecode.c.objc; path = MYCScannerView.m; sourceTree = "<group>"; };
		20203AD419F65E290085C01F /* MYCBaseTxOutput.h */ = {isa = PBXFileReference; fileEncoding = 4; lastKnownFileType = sourcecode.c.h; name = MYCBaseTxOutput.h; path = Models/MYCBaseTxOutput.h; sourceTree = "<group>"; };
		20203AD519F65E290085C01F /* MYCBaseTxOutput.m */ = {isa = PBXFileReference; fileEncoding = 4; lastKnownFileType = sourcecode.c.objc; name = MYCBaseTxOutput.m; path = Models/MYCBaseTxOutput.m; sourceTree = "<group>"; };
		20203ADA19F665F80085C01F /* MYCDatabaseMigrations.h */ = {isa = PBXFileReference; fileEncoding = 4; lastKnownFileType = sourcecode.c.h; name = MYCDatabaseMigrations.h; path = Models/MYCDatabaseMigrations.h; sourceTree = "<group>"; };
		20203ADB19F665F80085C01F /* MYCDatabaseMigrations.m */ = {isa = PBXFileReference; fileEncoding = 4; lastKnownFileType = sourcecode.c.objc; name = MYCDatabaseMigrations.m; path = Models/MYCDatabaseMigrations.m; sourceTree = "<group>"; };
		203AA49319DC364200572BD9 /* MYCWalletAccount.h */ = {isa = PBXFileReference; fileEncoding = 4; lastKnownFileType = sourcecode.c.h; name = MYCWalletAccount.h; path = Models/MYCWalletAccount.h; sourceTree = "<group>"; };
		203AA49419DC364200572BD9 /* MYCWalletAccount.m */ = {isa = PBXFileReference; fileEncoding = 4; lastKnownFileType = sourcecode.c.objc; name = MYCWalletAccount.m; path = Models/MYCWalletAccount.m; sourceTree = "<group>"; };
		203AA49619DC365D00572BD9 /* MYCBackend.h */ = {isa = PBXFileReference; fileEncoding = 4; lastKnownFileType = sourcecode.c.h; name = MYCBackend.h; path = Networking/MYCBackend.h; sourceTree = "<group>"; };
		203AA49719DC365D00572BD9 /* MYCBackend.m */ = {isa = PBXFileReference; fileEncoding = 4; lastKnownFileType = sourcecode.c.objc; name = MYCBackend.m; path = Networking/MYCBackend.m; sourceTree = "<group>"; };
		203AA49F19DC3C4500572BD9 /* MYCRoundedView.h */ = {isa = PBXFileReference; fileEncoding = 4; lastKnownFileType = sourcecode.c.h; path = MYCRoundedView.h; sourceTree = "<group>"; };
		203AA4A019DC3C4500572BD9 /* MYCRoundedView.m */ = {isa = PBXFileReference; fileEncoding = 4; lastKnownFileType = sourcecode.c.objc; path = MYCRoundedView.m; sourceTree = "<group>"; };
		203AA4A119DC3C4500572BD9 /* PTableViewSource.h */ = {isa = PBXFileReference; fileEncoding = 4; lastKnownFileType = sourcecode.c.h; path = PTableViewSource.h; sourceTree = "<group>"; };
		203AA4A219DC3C4500572BD9 /* PTableViewSource.m */ = {isa = PBXFileReference; fileEncoding = 4; lastKnownFileType = sourcecode.c.objc; path = PTableViewSource.m; sourceTree = "<group>"; };
		203AA4A619DC4A2600572BD9 /* PColor.h */ = {isa = PBXFileReference; fileEncoding = 4; lastKnownFileType = sourcecode.c.h; path = PColor.h; sourceTree = "<group>"; };
		203AA4A719DC4A2600572BD9 /* PColor.m */ = {isa = PBXFileReference; fileEncoding = 4; lastKnownFileType = sourcecode.c.objc; path = PColor.m; sourceTree = "<group>"; };
		203AA4AA19DC517200572BD9 /* MYCSendViewController.h */ = {isa = PBXFileReference; fileEncoding = 4; lastKnownFileType = sourcecode.c.h; path = MYCSendViewController.h; sourceTree = "<group>"; };
		203AA4AB19DC517200572BD9 /* MYCSendViewController.m */ = {isa = PBXFileReference; fileEncoding = 4; lastKnownFileType = sourcecode.c.objc; path = MYCSendViewController.m; sourceTree = "<group>"; };
		203AA4AC19DC517200572BD9 /* MYCSendViewController.xib */ = {isa = PBXFileReference; fileEncoding = 4; lastKnownFileType = file.xib; path = MYCSendViewController.xib; sourceTree = "<group>"; };
		203AA4B019DC525100572BD9 /* MYCReceiveViewController.h */ = {isa = PBXFileReference; fileEncoding = 4; lastKnownFileType = sourcecode.c.h; path = MYCReceiveViewController.h; sourceTree = "<group>"; };
		203AA4B119DC525100572BD9 /* MYCReceiveViewController.m */ = {isa = PBXFileReference; fileEncoding = 4; lastKnownFileType = sourcecode.c.objc; path = MYCReceiveViewController.m; sourceTree = "<group>"; };
		203AA4B219DC525100572BD9 /* MYCReceiveViewController.xib */ = {isa = PBXFileReference; fileEncoding = 4; lastKnownFileType = file.xib; path = MYCReceiveViewController.xib; sourceTree = "<group>"; };
		203AA4B619DC53C900572BD9 /* MYCBackupViewController.h */ = {isa = PBXFileReference; fileEncoding = 4; lastKnownFileType = sourcecode.c.h; path = MYCBackupViewController.h; sourceTree = "<group>"; };
		203AA4B719DC53C900572BD9 /* MYCBackupViewController.m */ = {isa = PBXFileReference; fileEncoding = 4; lastKnownFileType = sourcecode.c.objc; path = MYCBackupViewController.m; sourceTree = "<group>"; };
		203AA4B819DC53C900572BD9 /* MYCBackupViewController.xib */ = {isa = PBXFileReference; fileEncoding = 4; lastKnownFileType = file.xib; path = MYCBackupViewController.xib; sourceTree = "<group>"; };
		2064E37519D9858F00CD81B8 /* MYCWallet.h */ = {isa = PBXFileReference; fileEncoding = 4; lastKnownFileType = sourcecode.c.h; name = MYCWallet.h; path = Models/MYCWallet.h; sourceTree = "<group>"; };
		2064E37619D9858F00CD81B8 /* MYCWallet.m */ = {isa = PBXFileReference; fileEncoding = 4; lastKnownFileType = sourcecode.c.objc; name = MYCWallet.m; path = Models/MYCWallet.m; sourceTree = "<group>"; };
		2064E37F19D9A0D000CD81B8 /* MYCBalanceViewController.h */ = {isa = PBXFileReference; fileEncoding = 4; lastKnownFileType = sourcecode.c.h; path = MYCBalanceViewController.h; sourceTree = "<group>"; };
		2064E38019D9A0D000CD81B8 /* MYCBalanceViewController.m */ = {isa = PBXFileReference; fileEncoding = 4; lastKnownFileType = sourcecode.c.objc; path = MYCBalanceViewController.m; sourceTree = "<group>"; };
		2064E38119D9A0D000CD81B8 /* MYCBalanceViewController.xib */ = {isa = PBXFileReference; fileEncoding = 4; lastKnownFileType = file.xib; path = MYCBalanceViewController.xib; sourceTree = "<group>"; };
		2064E38419D9A0E400CD81B8 /* MYCAccountsViewController.h */ = {isa = PBXFileReference; fileEncoding = 4; lastKnownFileType = sourcecode.c.h; path = MYCAccountsViewController.h; sourceTree = "<group>"; };
		2064E38519D9A0E400CD81B8 /* MYCAccountsViewController.m */ = {isa = PBXFileReference; fileEncoding = 4; lastKnownFileType = sourcecode.c.objc; path = MYCAccountsViewController.m; sourceTree = "<group>"; };
		2064E38619D9A0E400CD81B8 /* MYCAccountsViewController.xib */ = {isa = PBXFileReference; fileEncoding = 4; lastKnownFileType = file.xib; path = MYCAccountsViewController.xib; sourceTree = "<group>"; };
		2064E38919D9A0F200CD81B8 /* MYCTransactionsViewController.h */ = {isa = PBXFileReference; fileEncoding = 4; lastKnownFileType = sourcecode.c.h; path = MYCTransactionsViewController.h; sourceTree = "<group>"; };
		2064E38A19D9A0F200CD81B8 /* MYCTransactionsViewController.m */ = {isa = PBXFileReference; fileEncoding = 4; lastKnownFileType = sourcecode.c.objc; path = MYCTransactionsViewController.m; sourceTree = "<group>"; };
		2064E38B19D9A0F200CD81B8 /* MYCTransactionsViewController.xib */ = {isa = PBXFileReference; fileEncoding = 4; lastKnownFileType = file.xib; path = MYCTransactionsViewController.xib; sourceTree = "<group>"; };
		2064E38E19D9A10400CD81B8 /* MYCSettingsViewController.h */ = {isa = PBXFileReference; fileEncoding = 4; lastKnownFileType = sourcecode.c.h; path = MYCSettingsViewController.h; sourceTree = "<group>"; };
		2064E38F19D9A10400CD81B8 /* MYCSettingsViewController.m */ = {isa = PBXFileReference; fileEncoding = 4; lastKnownFileType = sourcecode.c.objc; path = MYCSettingsViewController.m; sourceTree = "<group>"; };
		2064E39019D9A10400CD81B8 /* MYCSettingsViewController.xib */ = {isa = PBXFileReference; fileEncoding = 4; lastKnownFileType = file.xib; path = MYCSettingsViewController.xib; sourceTree = "<group>"; };
		2064E39319D9AE1C00CD81B8 /* Podfile */ = {isa = PBXFileReference; explicitFileType = text.script.ruby; fileEncoding = 4; path = Podfile; sourceTree = "<group>"; xcLanguageSpecificationIdentifier = xcode.lang.ruby; };
		206EA4BE1ADC154600F37019 /* MYCVerifyBackupViewController.h */ = {isa = PBXFileReference; fileEncoding = 4; lastKnownFileType = sourcecode.c.h; path = MYCVerifyBackupViewController.h; sourceTree = "<group>"; };
		206EA4BF1ADC154600F37019 /* MYCVerifyBackupViewController.m */ = {isa = PBXFileReference; fileEncoding = 4; lastKnownFileType = sourcecode.c.objc; path = MYCVerifyBackupViewController.m; sourceTree = "<group>"; };
		206EA4C11ADC179900F37019 /* MYCRestoreSeedViewController.h */ = {isa = PBXFileReference; fileEncoding = 4; lastKnownFileType = sourcecode.c.h; path = MYCRestoreSeedViewController.h; sourceTree = "<group>"; };
		206EA4C21ADC179900F37019 /* MYCRestoreSeedViewController.m */ = {isa = PBXFileReference; fileEncoding = 4; lastKnownFileType = sourcecode.c.objc; path = MYCRestoreSeedViewController.m; sourceTree = "<group>"; };
		206EA4C41ADC17C500F37019 /* MYCVerifyBackupViewController.xib */ = {isa = PBXFileReference; fileEncoding = 4; lastKnownFileType = file.xib; path = MYCVerifyBackupViewController.xib; sourceTree = "<group>"; };
		207646A01A0249FF000F00F2 /* MYCScanPrivateKeyViewController.h */ = {isa = PBXFileReference; fileEncoding = 4; lastKnownFileType = sourcecode.c.h; path = MYCScanPrivateKeyViewController.h; sourceTree = "<group>"; };
		207646A11A0249FF000F00F2 /* MYCScanPrivateKeyViewController.m */ = {isa = PBXFileReference; fileEncoding = 4; lastKnownFileType = sourcecode.c.objc; path = MYCScanPrivateKeyViewController.m; sourceTree = "<group>"; };
		207646A21A0249FF000F00F2 /* MYCScanPrivateKeyViewController.xib */ = {isa = PBXFileReference; fileEncoding = 4; lastKnownFileType = file.xib; path = MYCScanPrivateKeyViewController.xib; sourceTree = "<group>"; };
		207646D71A02905D000F00F2 /* Mycelium Wallet.entitlements */ = {isa = PBXFileReference; lastKnownFileType = text.xml; path = "Mycelium Wallet.entitlements"; sourceTree = "<group>"; };
		207647161A0D080A000F00F2 /* MYCWebViewController.h */ = {isa = PBXFileReference; fileEncoding = 4; lastKnownFileType = sourcecode.c.h; path = MYCWebViewController.h; sourceTree = "<group>"; };
		207647171A0D080A000F00F2 /* MYCWebViewController.m */ = {isa = PBXFileReference; fileEncoding = 4; lastKnownFileType = sourcecode.c.objc; path = MYCWebViewController.m; sourceTree = "<group>"; };
		207647181A0D080A000F00F2 /* MYCWebViewController.xib */ = {isa = PBXFileReference; fileEncoding = 4; lastKnownFileType = file.xib; path = MYCWebViewController.xib; sourceTree = "<group>"; };
		2076471B1A0D0A39000F00F2 /* Credits.html */ = {isa = PBXFileReference; lastKnownFileType = text.html; path = Credits.html; sourceTree = SOURCE_ROOT; };
		2076471D1A0D0A93000F00F2 /* Legal.html */ = {isa = PBXFileReference; fileEncoding = 4; lastKnownFileType = text.html; path = Legal.html; sourceTree = SOURCE_ROOT; };
		208FFB8F19D9802000D4C159 /* Mycelium Wallet.app */ = {isa = PBXFileReference; explicitFileType = wrapper.application; includeInIndex = 0; path = "Mycelium Wallet.app"; sourceTree = BUILT_PRODUCTS_DIR; };
		208FFB9319D9802000D4C159 /* Info.plist */ = {isa = PBXFileReference; lastKnownFileType = text.plist.xml; path = Info.plist; sourceTree = "<group>"; };
		208FFB9419D9802000D4C159 /* main.m */ = {isa = PBXFileReference; lastKnownFileType = sourcecode.c.objc; path = main.m; sourceTree = "<group>"; };
		208FFB9619D9802000D4C159 /* MYCAppDelegate.h */ = {isa = PBXFileReference; lastKnownFileType = sourcecode.c.h; path = MYCAppDelegate.h; sourceTree = "<group>"; };
		208FFB9719D9802000D4C159 /* MYCAppDelegate.m */ = {isa = PBXFileReference; lastKnownFileType = sourcecode.c.objc; path = MYCAppDelegate.m; sourceTree = "<group>"; };
		208FFB9F19D9802000D4C159 /* Images.xcassets */ = {isa = PBXFileReference; lastKnownFileType = folder.assetcatalog; path = Images.xcassets; sourceTree = "<group>"; };
		208FFBA219D9802000D4C159 /* Base */ = {isa = PBXFileReference; lastKnownFileType = file.xib; name = Base; path = Base.lproj/LaunchScreen.xib; sourceTree = "<group>"; };
		208FFBA819D9802000D4C159 /* Mycelium WalletTests.xctest */ = {isa = PBXFileReference; explicitFileType = wrapper.cfbundle; includeInIndex = 0; path = "Mycelium WalletTests.xctest"; sourceTree = BUILT_PRODUCTS_DIR; };
		208FFBAD19D9802000D4C159 /* Info.plist */ = {isa = PBXFileReference; lastKnownFileType = text.plist.xml; path = Info.plist; sourceTree = "<group>"; };
		208FFBAE19D9802000D4C159 /* Mycelium_WalletTests.m */ = {isa = PBXFileReference; lastKnownFileType = sourcecode.c.objc; path = Mycelium_WalletTests.m; sourceTree = "<group>"; };
		208FFBB819D9848800D4C159 /* MYCWelcomeViewController.h */ = {isa = PBXFileReference; fileEncoding = 4; lastKnownFileType = sourcecode.c.h; path = MYCWelcomeViewController.h; sourceTree = "<group>"; };
		208FFBB919D9848800D4C159 /* MYCWelcomeViewController.m */ = {isa = PBXFileReference; fileEncoding = 4; lastKnownFileType = sourcecode.c.objc; path = MYCWelcomeViewController.m; sourceTree = "<group>"; };
		208FFBBA19D9848800D4C159 /* MYCWelcomeViewController.xib */ = {isa = PBXFileReference; fileEncoding = 4; lastKnownFileType = file.xib; path = MYCWelcomeViewController.xib; sourceTree = "<group>"; };
		208FFBC119D984E700D4C159 /* MYCTabBarController.h */ = {isa = PBXFileReference; fileEncoding = 4; lastKnownFileType = sourcecode.c.h; path = MYCTabBarController.h; sourceTree = "<group>"; };
		208FFBC219D984E700D4C159 /* MYCTabBarController.m */ = {isa = PBXFileReference; fileEncoding = 4; lastKnownFileType = sourcecode.c.objc; path = MYCTabBarController.m; sourceTree = "<group>"; };
		208FFBC319D984E700D4C159 /* MYCTabBarController.xib */ = {isa = PBXFileReference; fileEncoding = 4; lastKnownFileType = file.xib; path = MYCTabBarController.xib; sourceTree = "<group>"; };
		2095C44619FE779900635C85 /* MYCOutgoingTransaction.h */ = {isa = PBXFileReference; fileEncoding = 4; lastKnownFileType = sourcecode.c.h; name = MYCOutgoingTransaction.h; path = Models/MYCOutgoingTransaction.h; sourceTree = "<group>"; };
		2095C44719FE779900635C85 /* MYCOutgoingTransaction.m */ = {isa = PBXFileReference; fileEncoding = 4; lastKnownFileType = sourcecode.c.objc; name = MYCOutgoingTransaction.m; path = Models/MYCOutgoingTransaction.m; sourceTree = "<group>"; };
		2095C44919FF985100635C85 /* MYCTransactionTableViewCell.h */ = {isa = PBXFileReference; fileEncoding = 4; lastKnownFileType = sourcecode.c.h; path = MYCTransactionTableViewCell.h; sourceTree = "<group>"; };
		2095C44A19FF985100635C85 /* MYCTransactionTableViewCell.m */ = {isa = PBXFileReference; fileEncoding = 4; lastKnownFileType = sourcecode.c.objc; path = MYCTransactionTableViewCell.m; sourceTree = "<group>"; };
		2095C44B19FF985100635C85 /* MYCTransactionTableViewCell.xib */ = {isa = PBXFileReference; fileEncoding = 4; lastKnownFileType = file.xib; path = MYCTransactionTableViewCell.xib; sourceTree = "<group>"; };
		2095C44E19FFF50A00635C85 /* MYCTransactionDetails.storyboard */ = {isa = PBXFileReference; fileEncoding = 4; lastKnownFileType = file.storyboard; path = MYCTransactionDetails.storyboard; sourceTree = "<group>"; };
		2095C45019FFF52400635C85 /* MYCTransactionDetailsViewController.h */ = {isa = PBXFileReference; fileEncoding = 4; lastKnownFileType = sourcecode.c.h; path = MYCTransactionDetailsViewController.h; sourceTree = "<group>"; };
		2095C45119FFF52400635C85 /* MYCTransactionDetailsViewController.m */ = {isa = PBXFileReference; fileEncoding = 4; lastKnownFileType = sourcecode.c.objc; path = MYCTransactionDetailsViewController.m; sourceTree = "<group>"; };
		20A4F1C11ADEE066009027A0 /* MYCRestoreSeedViewController.xib */ = {isa = PBXFileReference; fileEncoding = 4; lastKnownFileType = file.xib; path = MYCRestoreSeedViewController.xib; sourceTree = "<group>"; };
		20A9C06C19F50CBF00AF61DE /* MYCUpdateAccountOperation.h */ = {isa = PBXFileReference; fileEncoding = 4; lastKnownFileType = sourcecode.c.h; name = MYCUpdateAccountOperation.h; path = Networking/MYCUpdateAccountOperation.h; sourceTree = "<group>"; };
		20A9C06D19F50CBF00AF61DE /* MYCUpdateAccountOperation.m */ = {isa = PBXFileReference; fileEncoding = 4; lastKnownFileType = sourcecode.c.objc; name = MYCUpdateAccountOperation.m; path = Networking/MYCUpdateAccountOperation.m; sourceTree = "<group>"; };
		20A9C06F19F5349500AF61DE /* MYCTransaction.h */ = {isa = PBXFileReference; fileEncoding = 4; lastKnownFileType = sourcecode.c.h; name = MYCTransaction.h; path = Models/MYCTransaction.h; sourceTree = "<group>"; };
		20A9C07019F5349500AF61DE /* MYCTransaction.m */ = {isa = PBXFileReference; fileEncoding = 4; lastKnownFileType = sourcecode.c.objc; name = MYCTransaction.m; path = Models/MYCTransaction.m; sourceTree = "<group>"; };
		20A9C07219F534AB00AF61DE /* MYCUnspentOutput.h */ = {isa = PBXFileReference; fileEncoding = 4; lastKnownFileType = sourcecode.c.h; name = MYCUnspentOutput.h; path = Models/MYCUnspentOutput.h; sourceTree = "<group>"; };
		20A9C07319F534AB00AF61DE /* MYCUnspentOutput.m */ = {isa = PBXFileReference; fileEncoding = 4; lastKnownFileType = sourcecode.c.objc; name = MYCUnspentOutput.m; path = Models/MYCUnspentOutput.m; sourceTree = "<group>"; };
		20A9C07519F5520C00AF61DE /* MYCParentOutput.h */ = {isa = PBXFileReference; fileEncoding = 4; lastKnownFileType = sourcecode.c.h; name = MYCParentOutput.h; path = Models/MYCParentOutput.h; sourceTree = "<group>"; };
		20A9C07619F5520C00AF61DE /* MYCParentOutput.m */ = {isa = PBXFileReference; fileEncoding = 4; lastKnownFileType = sourcecode.c.objc; name = MYCParentOutput.m; path = Models/MYCParentOutput.m; sourceTree = "<group>"; };
		20C0F6FC19EEAF7300DD0748 /* MYCAccountTableViewCell.h */ = {isa = PBXFileReference; fileEncoding = 4; lastKnownFileType = sourcecode.c.h; path = MYCAccountTableViewCell.h; sourceTree = "<group>"; };
		20C0F6FD19EEAF7300DD0748 /* MYCAccountTableViewCell.m */ = {isa = PBXFileReference; fileEncoding = 4; lastKnownFileType = sourcecode.c.objc; path = MYCAccountTableViewCell.m; sourceTree = "<group>"; };
		20C0F6FE19EEAF7300DD0748 /* MYCAccountTableViewCell.xib */ = {isa = PBXFileReference; fileEncoding = 4; lastKnownFileType = file.xib; path = MYCAccountTableViewCell.xib; sourceTree = "<group>"; };
		20C0F70119EEB37D00DD0748 /* MYCAccountViewController.h */ = {isa = PBXFileReference; fileEncoding = 4; lastKnownFileType = sourcecode.c.h; path = MYCAccountViewController.h; sourceTree = "<group>"; };
		20C0F70219EEB37D00DD0748 /* MYCAccountViewController.m */ = {isa = PBXFileReference; fileEncoding = 4; lastKnownFileType = sourcecode.c.objc; path = MYCAccountViewController.m; sourceTree = "<group>"; };
		20C0F70319EEB37D00DD0748 /* MYCAccountViewController.xib */ = {isa = PBXFileReference; fileEncoding = 4; lastKnownFileType = file.xib; path = MYCAccountViewController.xib; sourceTree = "<group>"; };
		20C2D7F319E290830022CAAC /* MYCBackupPageView.xib */ = {isa = PBXFileReference; fileEncoding = 4; lastKnownFileType = file.xib; path = MYCBackupPageView.xib; sourceTree = "<group>"; };
		20C2D7F519E292F80022CAAC /* MYCBackupPageView.h */ = {isa = PBXFileReference; fileEncoding = 4; lastKnownFileType = sourcecode.c.h; path = MYCBackupPageView.h; sourceTree = "<group>"; };
		20C2D7F619E292F80022CAAC /* MYCBackupPageView.m */ = {isa = PBXFileReference; fileEncoding = 4; lastKnownFileType = sourcecode.c.objc; path = MYCBackupPageView.m; sourceTree = "<group>"; };
		20C2D80E19E3EDB10022CAAC /* MYCDatabase.h */ = {isa = PBXFileReference; fileEncoding = 4; lastKnownFileType = sourcecode.c.h; path = MYCDatabase.h; sourceTree = "<group>"; };
		20C2D80F19E3EDB10022CAAC /* MYCDatabase.m */ = {isa = PBXFileReference; fileEncoding = 4; lastKnownFileType = sourcecode.c.objc; path = MYCDatabase.m; sourceTree = "<group>"; };
		20C2D81019E3EDB10022CAAC /* MYCDatabaseRecord.h */ = {isa = PBXFileReference; fileEncoding = 4; lastKnownFileType = sourcecode.c.h; path = MYCDatabaseRecord.h; sourceTree = "<group>"; };
		20C2D81119E3EDB10022CAAC /* MYCDatabaseRecord.m */ = {isa = PBXFileReference; fileEncoding = 4; lastKnownFileType = sourcecode.c.objc; path = MYCDatabaseRecord.m; sourceTree = "<group>"; };
		20C2D81419E5713A0022CAAC /* MYCPrefix.pch */ = {isa = PBXFileReference; lastKnownFileType = sourcecode.c.h; path = MYCPrefix.pch; sourceTree = "<group>"; };
		20C2D81519E573B00022CAAC /* MYCUnlockedWallet.h */ = {isa = PBXFileReference; fileEncoding = 4; lastKnownFileType = sourcecode.c.h; name = MYCUnlockedWallet.h; path = Models/MYCUnlockedWallet.h; sourceTree = "<group>"; };
		20C2D81619E573B00022CAAC /* MYCUnlockedWallet.m */ = {isa = PBXFileReference; fileEncoding = 4; lastKnownFileType = sourcecode.c.objc; name = MYCUnlockedWallet.m; path = Models/MYCUnlockedWallet.m; sourceTree = "<group>"; };
		20C2D81E19E7CBE30022CAAC /* TODO.txt */ = {isa = PBXFileReference; fileEncoding = 4; lastKnownFileType = text; path = TODO.txt; sourceTree = "<group>"; };
		20C2D82719EBC7680022CAAC /* MYCErrorAnimation.h */ = {isa = PBXFileReference; fileEncoding = 4; lastKnownFileType = sourcecode.c.h; path = MYCErrorAnimation.h; sourceTree = "<group>"; };
		20C2D82819EBC7680022CAAC /* MYCErrorAnimation.m */ = {isa = PBXFileReference; fileEncoding = 4; lastKnownFileType = sourcecode.c.objc; path = MYCErrorAnimation.m; sourceTree = "<group>"; };
		20C2D82A19EBD6CB0022CAAC /* Reachability.h */ = {isa = PBXFileReference; fileEncoding = 4; lastKnownFileType = sourcecode.c.h; path = Reachability.h; sourceTree = "<group>"; };
		20C2D82B19EBD6CB0022CAAC /* Reachability.m */ = {isa = PBXFileReference; fileEncoding = 4; lastKnownFileType = sourcecode.c.objc; path = Reachability.m; sourceTree = "<group>"; };
		20DAD9DA1ACECD9700EBC85F /* Crashlytics.framework */ = {isa = PBXFileReference; lastKnownFileType = wrapper.framework; path = Crashlytics.framework; sourceTree = "<group>"; };
		311D631B1AADCDD500798450 /* BTCPriceSourceMycelium.h */ = {isa = PBXFileReference; fileEncoding = 4; lastKnownFileType = sourcecode.c.h; path = BTCPriceSourceMycelium.h; sourceTree = "<group>"; };
		311D631C1AADCDD500798450 /* BTCPriceSourceMycelium.m */ = {isa = PBXFileReference; fileEncoding = 4; lastKnownFileType = sourcecode.c.objc; path = BTCPriceSourceMycelium.m; sourceTree = "<group>"; };
		311D631F1AADD72900798450 /* MYCCurrenciesViewController.h */ = {isa = PBXFileReference; fileEncoding = 4; lastKnownFileType = sourcecode.c.h; path = MYCCurrenciesViewController.h; sourceTree = "<group>"; };
		311D63201AADD72900798450 /* MYCCurrenciesViewController.m */ = {isa = PBXFileReference; fileEncoding = 4; lastKnownFileType = sourcecode.c.objc; path = MYCCurrenciesViewController.m; sourceTree = "<group>"; };
		311D63241AADD8AF00798450 /* MYCCurrencyFormatter.h */ = {isa = PBXFileReference; fileEncoding = 4; lastKnownFileType = sourcecode.c.h; name = MYCCurrencyFormatter.h; path = Models/MYCCurrencyFormatter.h; sourceTree = "<group>"; };
		311D63251AADD8AF00798450 /* MYCCurrencyFormatter.m */ = {isa = PBXFileReference; fileEncoding = 4; lastKnownFileType = sourcecode.c.objc; name = MYCCurrencyFormatter.m; path = Models/MYCCurrencyFormatter.m; sourceTree = "<group>"; };
		311D63271AADE8F700798450 /* MYCCurrencyTableViewCell.h */ = {isa = PBXFileReference; fileEncoding = 4; lastKnownFileType = sourcecode.c.h; path = MYCCurrencyTableViewCell.h; sourceTree = "<group>"; };
		311D63281AADE8F700798450 /* MYCCurrencyTableViewCell.m */ = {isa = PBXFileReference; fileEncoding = 4; lastKnownFileType = sourcecode.c.objc; path = MYCCurrencyTableViewCell.m; sourceTree = "<group>"; };
		311D632A1AADEE6600798450 /* MYCCurrencyTableViewCell.xib */ = {isa = PBXFileReference; fileEncoding = 4; lastKnownFileType = file.xib; path = MYCCurrencyTableViewCell.xib; sourceTree = "<group>"; };
		677B515CE201D7130F53029B /* Pods-Mycelium Wallet.release.xcconfig */ = {isa = PBXFileReference; includeInIndex = 1; lastKnownFileType = text.xcconfig; name = "Pods-Mycelium Wallet.release.xcconfig"; path = "Pods/Target Support Files/Pods-Mycelium Wallet/Pods-Mycelium Wallet.release.xcconfig"; sourceTree = "<group>"; };
		BEF63E079F9D4BC58CFB5075 /* libPods-Mycelium Wallet.a */ = {isa = PBXFileReference; explicitFileType = archive.ar; includeInIndex = 0; path = "libPods-Mycelium Wallet.a"; sourceTree = BUILT_PRODUCTS_DIR; };
		FAB8F4EBE2F75284722E9193 /* Pods-Mycelium Wallet.debug.xcconfig */ = {isa = PBXFileReference; includeInIndex = 1; lastKnownFileType = text.xcconfig; name = "Pods-Mycelium Wallet.debug.xcconfig"; path = "Pods/Target Support Files/Pods-Mycelium Wallet/Pods-Mycelium Wallet.debug.xcconfig"; sourceTree = "<group>"; };
/* End PBXFileReference section */

/* Begin PBXFrameworksBuildPhase section */
		208FFB8C19D9802000D4C159 /* Frameworks */ = {
			isa = PBXFrameworksBuildPhase;
			buildActionMask = 2147483647;
			files = (
				200AAE3919F93FFB0004F908 /* AVFoundation.framework in Frameworks */,
				20DAD9DB1ACECD9700EBC85F /* Crashlytics.framework in Frameworks */,
				13DC93D53302498C84E6F0E9 /* libPods-Mycelium Wallet.a in Frameworks */,
			);
			runOnlyForDeploymentPostprocessing = 0;
		};
		208FFBA519D9802000D4C159 /* Frameworks */ = {
			isa = PBXFrameworksBuildPhase;
			buildActionMask = 2147483647;
			files = (
			);
			runOnlyForDeploymentPostprocessing = 0;
		};
/* End PBXFrameworksBuildPhase section */

/* Begin PBXGroup section */
		203AA48F19DC33CB00572BD9 /* Accounts Tab */ = {
			isa = PBXGroup;
			children = (
				2064E38419D9A0E400CD81B8 /* MYCAccountsViewController.h */,
				2064E38519D9A0E400CD81B8 /* MYCAccountsViewController.m */,
				2064E38619D9A0E400CD81B8 /* MYCAccountsViewController.xib */,
				20C0F6FC19EEAF7300DD0748 /* MYCAccountTableViewCell.h */,
				20C0F6FD19EEAF7300DD0748 /* MYCAccountTableViewCell.m */,
				20C0F6FE19EEAF7300DD0748 /* MYCAccountTableViewCell.xib */,
				20C0F70119EEB37D00DD0748 /* MYCAccountViewController.h */,
				20C0F70219EEB37D00DD0748 /* MYCAccountViewController.m */,
				20C0F70319EEB37D00DD0748 /* MYCAccountViewController.xib */,
			);
			name = "Accounts Tab";
			sourceTree = "<group>";
		};
		203AA49019DC33D800572BD9 /* Balance Tab */ = {
			isa = PBXGroup;
			children = (
				2064E37F19D9A0D000CD81B8 /* MYCBalanceViewController.h */,
				2064E38019D9A0D000CD81B8 /* MYCBalanceViewController.m */,
				2064E38119D9A0D000CD81B8 /* MYCBalanceViewController.xib */,
			);
			name = "Balance Tab";
			sourceTree = "<group>";
		};
		203AA49119DC33E200572BD9 /* Transactions Tab */ = {
			isa = PBXGroup;
			children = (
				2064E38919D9A0F200CD81B8 /* MYCTransactionsViewController.h */,
				2064E38A19D9A0F200CD81B8 /* MYCTransactionsViewController.m */,
				2064E38B19D9A0F200CD81B8 /* MYCTransactionsViewController.xib */,
				2095C44919FF985100635C85 /* MYCTransactionTableViewCell.h */,
				2095C44A19FF985100635C85 /* MYCTransactionTableViewCell.m */,
				2095C44B19FF985100635C85 /* MYCTransactionTableViewCell.xib */,
				2095C45019FFF52400635C85 /* MYCTransactionDetailsViewController.h */,
				2095C45119FFF52400635C85 /* MYCTransactionDetailsViewController.m */,
				2095C44E19FFF50A00635C85 /* MYCTransactionDetails.storyboard */,
			);
			name = "Transactions Tab";
			sourceTree = "<group>";
		};
		203AA49219DC33E800572BD9 /* Settings Tab */ = {
			isa = PBXGroup;
			children = (
				2064E38E19D9A10400CD81B8 /* MYCSettingsViewController.h */,
				2064E38F19D9A10400CD81B8 /* MYCSettingsViewController.m */,
				2064E39019D9A10400CD81B8 /* MYCSettingsViewController.xib */,
				207647161A0D080A000F00F2 /* MYCWebViewController.h */,
				207647171A0D080A000F00F2 /* MYCWebViewController.m */,
				207647181A0D080A000F00F2 /* MYCWebViewController.xib */,
			);
			name = "Settings Tab";
			sourceTree = "<group>";
		};
		203AA49C19DC3C4500572BD9 /* UI Utils */ = {
			isa = PBXGroup;
			children = (
				203AA49F19DC3C4500572BD9 /* MYCRoundedView.h */,
				203AA4A019DC3C4500572BD9 /* MYCRoundedView.m */,
				203AA4A119DC3C4500572BD9 /* PTableViewSource.h */,
				203AA4A219DC3C4500572BD9 /* PTableViewSource.m */,
				203AA4A619DC4A2600572BD9 /* PColor.h */,
				203AA4A719DC4A2600572BD9 /* PColor.m */,
				20C2D82719EBC7680022CAAC /* MYCErrorAnimation.h */,
				20C2D82819EBC7680022CAAC /* MYCErrorAnimation.m */,
				200AAE3519F91EE50004F908 /* MYCTextFieldLiveFormatter.h */,
				200AAE3619F91EE50004F908 /* MYCTextFieldLiveFormatter.m */,
				200AAE3A19F9440C0004F908 /* MYCScannerView.h */,
				200AAE3B19F9440C0004F908 /* MYCScannerView.m */,
			);
			path = "UI Utils";
			sourceTree = "<group>";
		};
		203AA4A919DC514C00572BD9 /* Send View */ = {
			isa = PBXGroup;
			children = (
				203AA4AA19DC517200572BD9 /* MYCSendViewController.h */,
				203AA4AB19DC517200572BD9 /* MYCSendViewController.m */,
				203AA4AC19DC517200572BD9 /* MYCSendViewController.xib */,
			);
			name = "Send View";
			sourceTree = "<group>";
		};
		203AA4AF19DC523100572BD9 /* Receive View */ = {
			isa = PBXGroup;
			children = (
				203AA4B019DC525100572BD9 /* MYCReceiveViewController.h */,
				203AA4B119DC525100572BD9 /* MYCReceiveViewController.m */,
				203AA4B219DC525100572BD9 /* MYCReceiveViewController.xib */,
			);
			name = "Receive View";
			sourceTree = "<group>";
		};
		203AA4B519DC53B200572BD9 /* Backup */ = {
			isa = PBXGroup;
			children = (
				203AA4B619DC53C900572BD9 /* MYCBackupViewController.h */,
				203AA4B719DC53C900572BD9 /* MYCBackupViewController.m */,
				203AA4B819DC53C900572BD9 /* MYCBackupViewController.xib */,
				20C2D7F519E292F80022CAAC /* MYCBackupPageView.h */,
				20C2D7F619E292F80022CAAC /* MYCBackupPageView.m */,
				20C2D7F319E290830022CAAC /* MYCBackupPageView.xib */,
				206EA4BE1ADC154600F37019 /* MYCVerifyBackupViewController.h */,
				206EA4BF1ADC154600F37019 /* MYCVerifyBackupViewController.m */,
				206EA4C41ADC17C500F37019 /* MYCVerifyBackupViewController.xib */,
				206EA4C11ADC179900F37019 /* MYCRestoreSeedViewController.h */,
				206EA4C21ADC179900F37019 /* MYCRestoreSeedViewController.m */,
				20A4F1C11ADEE066009027A0 /* MYCRestoreSeedViewController.xib */,
			);
			name = Backup;
			sourceTree = "<group>";
		};
		2076469F1A024948000F00F2 /* Cold Storage */ = {
			isa = PBXGroup;
			children = (
				207646A01A0249FF000F00F2 /* MYCScanPrivateKeyViewController.h */,
				207646A11A0249FF000F00F2 /* MYCScanPrivateKeyViewController.m */,
				207646A21A0249FF000F00F2 /* MYCScanPrivateKeyViewController.xib */,
			);
			name = "Cold Storage";
			sourceTree = "<group>";
		};
		208FFB8619D9802000D4C159 = {
			isa = PBXGroup;
			children = (
				20C2D81E19E7CBE30022CAAC /* TODO.txt */,
				2064E39319D9AE1C00CD81B8 /* Podfile */,
				208FFB9119D9802000D4C159 /* Mycelium Wallet */,
				208FFBAB19D9802000D4C159 /* Mycelium WalletTests */,
				208FFB9019D9802000D4C159 /* Products */,
				2D8A166B7A734937ACF4ACCC /* Frameworks */,
				B854AA3614D7CE6D59DB9FA3 /* Pods */,
			);
			sourceTree = "<group>";
		};
		208FFB9019D9802000D4C159 /* Products */ = {
			isa = PBXGroup;
			children = (
				208FFB8F19D9802000D4C159 /* Mycelium Wallet.app */,
				208FFBA819D9802000D4C159 /* Mycelium WalletTests.xctest */,
			);
			name = Products;
			sourceTree = "<group>";
		};
		208FFB9119D9802000D4C159 /* Mycelium Wallet */ = {
			isa = PBXGroup;
			children = (
				207646D71A02905D000F00F2 /* Mycelium Wallet.entitlements */,
				208FFB9619D9802000D4C159 /* MYCAppDelegate.h */,
				208FFB9719D9802000D4C159 /* MYCAppDelegate.m */,
				208FFBBF19D984A100D4C159 /* Models */,
				20C2D80D19E3EDB10022CAAC /* Database */,
				208FFBC019D984B800D4C159 /* Networking */,
				208FFBBD19D9848B00D4C159 /* Welcome Views */,
				208FFBBE19D9849800D4C159 /* Main Views */,
				311D631E1AADD6CF00798450 /* Currency View */,
				203AA4A919DC514C00572BD9 /* Send View */,
				203AA4AF19DC523100572BD9 /* Receive View */,
				203AA4B519DC53B200572BD9 /* Backup */,
				2076469F1A024948000F00F2 /* Cold Storage */,
				203AA49C19DC3C4500572BD9 /* UI Utils */,
				20C2D81819E595E60022CAAC /* CoreBitcoin Spinoffs */,
				208FFB9219D9802000D4C159 /* Other */,
			);
			path = "Mycelium Wallet";
			sourceTree = "<group>";
		};
		208FFB9219D9802000D4C159 /* Other */ = {
			isa = PBXGroup;
			children = (
				208FFB9F19D9802000D4C159 /* Images.xcassets */,
				208FFBA119D9802000D4C159 /* LaunchScreen.xib */,
				208FFB9319D9802000D4C159 /* Info.plist */,
				208FFB9419D9802000D4C159 /* main.m */,
				20C2D81419E5713A0022CAAC /* MYCPrefix.pch */,
				2076471B1A0D0A39000F00F2 /* Credits.html */,
				2076471D1A0D0A93000F00F2 /* Legal.html */,
			);
			name = Other;
			sourceTree = "<group>";
		};
		208FFBAB19D9802000D4C159 /* Mycelium WalletTests */ = {
			isa = PBXGroup;
			children = (
				208FFBAE19D9802000D4C159 /* Mycelium_WalletTests.m */,
				208FFBAC19D9802000D4C159 /* Supporting Files */,
			);
			path = "Mycelium WalletTests";
			sourceTree = "<group>";
		};
		208FFBAC19D9802000D4C159 /* Supporting Files */ = {
			isa = PBXGroup;
			children = (
				208FFBAD19D9802000D4C159 /* Info.plist */,
			);
			name = "Supporting Files";
			sourceTree = "<group>";
		};
		208FFBBD19D9848B00D4C159 /* Welcome Views */ = {
			isa = PBXGroup;
			children = (
				208FFBB819D9848800D4C159 /* MYCWelcomeViewController.h */,
				208FFBB919D9848800D4C159 /* MYCWelcomeViewController.m */,
				208FFBBA19D9848800D4C159 /* MYCWelcomeViewController.xib */,
			);
			name = "Welcome Views";
			sourceTree = "<group>";
		};
		208FFBBE19D9849800D4C159 /* Main Views */ = {
			isa = PBXGroup;
			children = (
				208FFBC119D984E700D4C159 /* MYCTabBarController.h */,
				208FFBC219D984E700D4C159 /* MYCTabBarController.m */,
				208FFBC319D984E700D4C159 /* MYCTabBarController.xib */,
				203AA49019DC33D800572BD9 /* Balance Tab */,
				203AA48F19DC33CB00572BD9 /* Accounts Tab */,
				203AA49119DC33E200572BD9 /* Transactions Tab */,
				203AA49219DC33E800572BD9 /* Settings Tab */,
			);
			name = "Main Views";
			sourceTree = "<group>";
		};
		208FFBBF19D984A100D4C159 /* Models */ = {
			isa = PBXGroup;
			children = (
				2064E37519D9858F00CD81B8 /* MYCWallet.h */,
				2064E37619D9858F00CD81B8 /* MYCWallet.m */,
				20C2D81519E573B00022CAAC /* MYCUnlockedWallet.h */,
				20C2D81619E573B00022CAAC /* MYCUnlockedWallet.m */,
				203AA49319DC364200572BD9 /* MYCWalletAccount.h */,
				203AA49419DC364200572BD9 /* MYCWalletAccount.m */,
				20203AD419F65E290085C01F /* MYCBaseTxOutput.h */,
				20203AD519F65E290085C01F /* MYCBaseTxOutput.m */,
				20A9C07219F534AB00AF61DE /* MYCUnspentOutput.h */,
				20A9C07319F534AB00AF61DE /* MYCUnspentOutput.m */,
				20A9C07519F5520C00AF61DE /* MYCParentOutput.h */,
				20A9C07619F5520C00AF61DE /* MYCParentOutput.m */,
				20A9C06F19F5349500AF61DE /* MYCTransaction.h */,
				20A9C07019F5349500AF61DE /* MYCTransaction.m */,
				2095C44619FE779900635C85 /* MYCOutgoingTransaction.h */,
				2095C44719FE779900635C85 /* MYCOutgoingTransaction.m */,
				20203ADA19F665F80085C01F /* MYCDatabaseMigrations.h */,
				20203ADB19F665F80085C01F /* MYCDatabaseMigrations.m */,
				311D63241AADD8AF00798450 /* MYCCurrencyFormatter.h */,
				311D63251AADD8AF00798450 /* MYCCurrencyFormatter.m */,
			);
			name = Models;
			sourceTree = "<group>";
		};
		208FFBC019D984B800D4C159 /* Networking */ = {
			isa = PBXGroup;
			children = (
				203AA49619DC365D00572BD9 /* MYCBackend.h */,
				203AA49719DC365D00572BD9 /* MYCBackend.m */,
				20A9C06C19F50CBF00AF61DE /* MYCUpdateAccountOperation.h */,
				20A9C06D19F50CBF00AF61DE /* MYCUpdateAccountOperation.m */,
				20C2D82A19EBD6CB0022CAAC /* Reachability.h */,
				20C2D82B19EBD6CB0022CAAC /* Reachability.m */,
			);
			name = Networking;
			sourceTree = "<group>";
		};
		20C2D80D19E3EDB10022CAAC /* Database */ = {
			isa = PBXGroup;
			children = (
				20C2D80E19E3EDB10022CAAC /* MYCDatabase.h */,
				20C2D80F19E3EDB10022CAAC /* MYCDatabase.m */,
				20C2D81019E3EDB10022CAAC /* MYCDatabaseRecord.h */,
				20C2D81119E3EDB10022CAAC /* MYCDatabaseRecord.m */,
			);
			path = Database;
			sourceTree = "<group>";
		};
		20C2D81819E595E60022CAAC /* CoreBitcoin Spinoffs */ = {
			isa = PBXGroup;
			children = (
				311D631B1AADCDD500798450 /* BTCPriceSourceMycelium.h */,
				311D631C1AADCDD500798450 /* BTCPriceSourceMycelium.m */,
			);
			name = "CoreBitcoin Spinoffs";
			sourceTree = "<group>";
		};
		2D8A166B7A734937ACF4ACCC /* Frameworks */ = {
			isa = PBXGroup;
			children = (
				20DAD9DA1ACECD9700EBC85F /* Crashlytics.framework */,
				200AAE3819F93FFB0004F908 /* AVFoundation.framework */,
				BEF63E079F9D4BC58CFB5075 /* libPods-Mycelium Wallet.a */,
			);
			name = Frameworks;
			sourceTree = "<group>";
		};
		311D631E1AADD6CF00798450 /* Currency View */ = {
			isa = PBXGroup;
			children = (
				311D631F1AADD72900798450 /* MYCCurrenciesViewController.h */,
				311D63201AADD72900798450 /* MYCCurrenciesViewController.m */,
				311D63271AADE8F700798450 /* MYCCurrencyTableViewCell.h */,
				311D63281AADE8F700798450 /* MYCCurrencyTableViewCell.m */,
				311D632A1AADEE6600798450 /* MYCCurrencyTableViewCell.xib */,
			);
			name = "Currency View";
			sourceTree = "<group>";
		};
		B854AA3614D7CE6D59DB9FA3 /* Pods */ = {
			isa = PBXGroup;
			children = (
				FAB8F4EBE2F75284722E9193 /* Pods-Mycelium Wallet.debug.xcconfig */,
				677B515CE201D7130F53029B /* Pods-Mycelium Wallet.release.xcconfig */,
			);
			name = Pods;
			sourceTree = "<group>";
		};
/* End PBXGroup section */

/* Begin PBXNativeTarget section */
		208FFB8E19D9802000D4C159 /* Mycelium Wallet */ = {
			isa = PBXNativeTarget;
			buildConfigurationList = 208FFBB219D9802000D4C159 /* Build configuration list for PBXNativeTarget "Mycelium Wallet" */;
			buildPhases = (
				EAE4443B03794778906CC7CB /* Check Pods Manifest.lock */,
				208FFB8B19D9802000D4C159 /* Sources */,
				208FFB8C19D9802000D4C159 /* Frameworks */,
				208FFB8D19D9802000D4C159 /* Resources */,
				D6DF2EDE39C94DEA9C818951 /* Copy Pods Resources */,
				20DAD9D91ACECD6000EBC85F /* ShellScript */,
			);
			buildRules = (
			);
			dependencies = (
			);
			name = "Mycelium Wallet";
			productName = "Mycelium Wallet";
			productReference = 208FFB8F19D9802000D4C159 /* Mycelium Wallet.app */;
			productType = "com.apple.product-type.application";
		};
		208FFBA719D9802000D4C159 /* Mycelium WalletTests */ = {
			isa = PBXNativeTarget;
			buildConfigurationList = 208FFBB519D9802000D4C159 /* Build configuration list for PBXNativeTarget "Mycelium WalletTests" */;
			buildPhases = (
				208FFBA419D9802000D4C159 /* Sources */,
				208FFBA519D9802000D4C159 /* Frameworks */,
				208FFBA619D9802000D4C159 /* Resources */,
			);
			buildRules = (
			);
			dependencies = (
				208FFBAA19D9802000D4C159 /* PBXTargetDependency */,
			);
			name = "Mycelium WalletTests";
			productName = "Mycelium WalletTests";
			productReference = 208FFBA819D9802000D4C159 /* Mycelium WalletTests.xctest */;
			productType = "com.apple.product-type.bundle.unit-test";
		};
/* End PBXNativeTarget section */

/* Begin PBXProject section */
		208FFB8719D9802000D4C159 /* Project object */ = {
			isa = PBXProject;
			attributes = {
				LastUpgradeCheck = 0600;
				ORGANIZATIONNAME = Mycelium;
				TargetAttributes = {
					208FFB8E19D9802000D4C159 = {
						CreatedOnToolsVersion = 6.0.1;
						DevelopmentTeam = 3T7XZJBMSD;
						SystemCapabilities = {
							com.apple.DataProtection = {
								enabled = 1;
							};
							com.apple.Keychain = {
								enabled = 0;
							};
						};
					};
					208FFBA719D9802000D4C159 = {
						CreatedOnToolsVersion = 6.0.1;
						TestTargetID = 208FFB8E19D9802000D4C159;
					};
				};
			};
			buildConfigurationList = 208FFB8A19D9802000D4C159 /* Build configuration list for PBXProject "Mycelium Wallet" */;
			compatibilityVersion = "Xcode 3.2";
			developmentRegion = English;
			hasScannedForEncodings = 0;
			knownRegions = (
				en,
				Base,
			);
			mainGroup = 208FFB8619D9802000D4C159;
			productRefGroup = 208FFB9019D9802000D4C159 /* Products */;
			projectDirPath = "";
			projectRoot = "";
			targets = (
				208FFB8E19D9802000D4C159 /* Mycelium Wallet */,
				208FFBA719D9802000D4C159 /* Mycelium WalletTests */,
			);
		};
/* End PBXProject section */

/* Begin PBXResourcesBuildPhase section */
		208FFB8D19D9802000D4C159 /* Resources */ = {
			isa = PBXResourcesBuildPhase;
			buildActionMask = 2147483647;
			files = (
				20C0F70019EEAF7300DD0748 /* MYCAccountTableViewCell.xib in Resources */,
				203AA4B419DC525100572BD9 /* MYCReceiveViewController.xib in Resources */,
				2064E38819D9A0E400CD81B8 /* MYCAccountsViewController.xib in Resources */,
				311D632B1AADEE6600798450 /* MYCCurrencyTableViewCell.xib in Resources */,
				2076471A1A0D080A000F00F2 /* MYCWebViewController.xib in Resources */,
				208FFBA319D9802000D4C159 /* LaunchScreen.xib in Resources */,
				208FFBC519D984E700D4C159 /* MYCTabBarController.xib in Resources */,
				2076471C1A0D0A40000F00F2 /* Credits.html in Resources */,
				203AA4AE19DC517200572BD9 /* MYCSendViewController.xib in Resources */,
				206EA4C51ADC17C500F37019 /* MYCVerifyBackupViewController.xib in Resources */,
				203AA4BA19DC53C900572BD9 /* MYCBackupViewController.xib in Resources */,
				208FFBA019D9802000D4C159 /* Images.xcassets in Resources */,
				20A4F1C21ADEE066009027A0 /* MYCRestoreSeedViewController.xib in Resources */,
				2076471E1A0D0A93000F00F2 /* Legal.html in Resources */,
				2095C44F19FFF50A00635C85 /* MYCTransactionDetails.storyboard in Resources */,
				2064E38D19D9A0F200CD81B8 /* MYCTransactionsViewController.xib in Resources */,
				208FFBBC19D9848800D4C159 /* MYCWelcomeViewController.xib in Resources */,
				207646A41A0249FF000F00F2 /* MYCScanPrivateKeyViewController.xib in Resources */,
				20C2D7F419E290830022CAAC /* MYCBackupPageView.xib in Resources */,
				2064E38319D9A0D000CD81B8 /* MYCBalanceViewController.xib in Resources */,
				20C0F70519EEB37D00DD0748 /* MYCAccountViewController.xib in Resources */,
				2064E39219D9A10400CD81B8 /* MYCSettingsViewController.xib in Resources */,
				2095C44D19FF985100635C85 /* MYCTransactionTableViewCell.xib in Resources */,
			);
			runOnlyForDeploymentPostprocessing = 0;
		};
		208FFBA619D9802000D4C159 /* Resources */ = {
			isa = PBXResourcesBuildPhase;
			buildActionMask = 2147483647;
			files = (
			);
			runOnlyForDeploymentPostprocessing = 0;
		};
/* End PBXResourcesBuildPhase section */

/* Begin PBXShellScriptBuildPhase section */
		20DAD9D91ACECD6000EBC85F /* ShellScript */ = {
			isa = PBXShellScriptBuildPhase;
			buildActionMask = 2147483647;
			files = (
			);
			inputPaths = (
			);
			outputPaths = (
			);
			runOnlyForDeploymentPostprocessing = 0;
			shellPath = /bin/sh;
			shellScript = "./Crashlytics.framework/run a0449b892cadffe38ac3e11d7d564d916b905e5c 14a15ad0e654ac3560db0a9fba7a33be42877c2807a04761606aceb6ec7e2a74\n";
		};
		D6DF2EDE39C94DEA9C818951 /* Copy Pods Resources */ = {
			isa = PBXShellScriptBuildPhase;
			buildActionMask = 2147483647;
			files = (
			);
			inputPaths = (
			);
			name = "Copy Pods Resources";
			outputPaths = (
			);
			runOnlyForDeploymentPostprocessing = 0;
			shellPath = /bin/sh;
			shellScript = "\"${SRCROOT}/Pods/Target Support Files/Pods-Mycelium Wallet/Pods-Mycelium Wallet-resources.sh\"\n";
			showEnvVarsInLog = 0;
		};
		EAE4443B03794778906CC7CB /* Check Pods Manifest.lock */ = {
			isa = PBXShellScriptBuildPhase;
			buildActionMask = 2147483647;
			files = (
			);
			inputPaths = (
			);
			name = "Check Pods Manifest.lock";
			outputPaths = (
			);
			runOnlyForDeploymentPostprocessing = 0;
			shellPath = /bin/sh;
			shellScript = "diff \"${PODS_ROOT}/../Podfile.lock\" \"${PODS_ROOT}/Manifest.lock\" > /dev/null\nif [[ $? != 0 ]] ; then\n    cat << EOM\nerror: The sandbox is not in sync with the Podfile.lock. Run 'pod install' or update your CocoaPods installation.\nEOM\n    exit 1\nfi\n";
			showEnvVarsInLog = 0;
		};
/* End PBXShellScriptBuildPhase section */

/* Begin PBXSourcesBuildPhase section */
		208FFB8B19D9802000D4C159 /* Sources */ = {
			isa = PBXSourcesBuildPhase;
			buildActionMask = 2147483647;
			files = (
				311D63261AADD8AF00798450 /* MYCCurrencyFormatter.m in Sources */,
				2095C45219FFF52400635C85 /* MYCTransactionDetailsViewController.m in Sources */,
				20C0F6FF19EEAF7300DD0748 /* MYCAccountTableViewCell.m in Sources */,
				20C2D82C19EBD6CB0022CAAC /* Reachability.m in Sources */,
				20A9C07119F5349500AF61DE /* MYCTransaction.m in Sources */,
				208FFB9819D9802000D4C159 /* MYCAppDelegate.m in Sources */,
				20C2D82919EBC7680022CAAC /* MYCErrorAnimation.m in Sources */,
				207646A31A0249FF000F00F2 /* MYCScanPrivateKeyViewController.m in Sources */,
				203AA49819DC365D00572BD9 /* MYCBackend.m in Sources */,
				203AA4B319DC525100572BD9 /* MYCReceiveViewController.m in Sources */,
				2064E38C19D9A0F200CD81B8 /* MYCTransactionsViewController.m in Sources */,
				20203AD619F65E290085C01F /* MYCBaseTxOutput.m in Sources */,
				311D63221AADD72900798450 /* MYCCurrenciesViewController.m in Sources */,
				200AAE3C19F9440C0004F908 /* MYCScannerView.m in Sources */,
				2064E38219D9A0D000CD81B8 /* MYCBalanceViewController.m in Sources */,
				20C2D81219E3EDB10022CAAC /* MYCDatabase.m in Sources */,
				20A9C06E19F50CBF00AF61DE /* MYCUpdateAccountOperation.m in Sources */,
				2095C44819FE779900635C85 /* MYCOutgoingTransaction.m in Sources */,
				20203ADC19F665F80085C01F /* MYCDatabaseMigrations.m in Sources */,
				20C2D81319E3EDB10022CAAC /* MYCDatabaseRecord.m in Sources */,
				203AA4AD19DC517200572BD9 /* MYCSendViewController.m in Sources */,
				2064E39119D9A10400CD81B8 /* MYCSettingsViewController.m in Sources */,
				206EA4C31ADC179900F37019 /* MYCRestoreSeedViewController.m in Sources */,
				208FFBC419D984E700D4C159 /* MYCTabBarController.m in Sources */,
				20A9C07719F5520C00AF61DE /* MYCParentOutput.m in Sources */,
				203AA4B919DC53C900572BD9 /* MYCBackupViewController.m in Sources */,
				2064E38719D9A0E400CD81B8 /* MYCAccountsViewController.m in Sources */,
				203AA49519DC364200572BD9 /* MYCWalletAccount.m in Sources */,
				2095C44C19FF985100635C85 /* MYCTransactionTableViewCell.m in Sources */,
				200AAE3719F91EE50004F908 /* MYCTextFieldLiveFormatter.m in Sources */,
				206EA4C01ADC154700F37019 /* MYCVerifyBackupViewController.m in Sources */,
				311D63291AADE8F700798450 /* MYCCurrencyTableViewCell.m in Sources */,
				20C0F70419EEB37D00DD0748 /* MYCAccountViewController.m in Sources */,
				20C2D7F719E292F80022CAAC /* MYCBackupPageView.m in Sources */,
				208FFB9519D9802000D4C159 /* main.m in Sources */,
				208FFBBB19D9848800D4C159 /* MYCWelcomeViewController.m in Sources */,
				203AA4A519DC3C4500572BD9 /* PTableViewSource.m in Sources */,
				2064E37719D9858F00CD81B8 /* MYCWallet.m in Sources */,
				20C2D81719E573B00022CAAC /* MYCUnlockedWallet.m in Sources */,
				203AA4A419DC3C4500572BD9 /* MYCRoundedView.m in Sources */,
				20A9C07419F534AB00AF61DE /* MYCUnspentOutput.m in Sources */,
				203AA4A819DC4A2600572BD9 /* PColor.m in Sources */,
				311D631D1AADCDD500798450 /* BTCPriceSourceMycelium.m in Sources */,
				207647191A0D080A000F00F2 /* MYCWebViewController.m in Sources */,
			);
			runOnlyForDeploymentPostprocessing = 0;
		};
		208FFBA419D9802000D4C159 /* Sources */ = {
			isa = PBXSourcesBuildPhase;
			buildActionMask = 2147483647;
			files = (
				208FFBAF19D9802000D4C159 /* Mycelium_WalletTests.m in Sources */,
			);
			runOnlyForDeploymentPostprocessing = 0;
		};
/* End PBXSourcesBuildPhase section */

/* Begin PBXTargetDependency section */
		208FFBAA19D9802000D4C159 /* PBXTargetDependency */ = {
			isa = PBXTargetDependency;
			target = 208FFB8E19D9802000D4C159 /* Mycelium Wallet */;
			targetProxy = 208FFBA919D9802000D4C159 /* PBXContainerItemProxy */;
		};
/* End PBXTargetDependency section */

/* Begin PBXVariantGroup section */
		208FFBA119D9802000D4C159 /* LaunchScreen.xib */ = {
			isa = PBXVariantGroup;
			children = (
				208FFBA219D9802000D4C159 /* Base */,
			);
			name = LaunchScreen.xib;
			sourceTree = "<group>";
		};
/* End PBXVariantGroup section */

/* Begin XCBuildConfiguration section */
		208FFBB019D9802000D4C159 /* Debug */ = {
			isa = XCBuildConfiguration;
			buildSettings = {
				ALWAYS_SEARCH_USER_PATHS = NO;
				CLANG_CXX_LANGUAGE_STANDARD = "gnu++0x";
				CLANG_CXX_LIBRARY = "libc++";
				CLANG_ENABLE_MODULES = YES;
				CLANG_ENABLE_OBJC_ARC = YES;
				CLANG_WARN_BOOL_CONVERSION = YES;
				CLANG_WARN_CONSTANT_CONVERSION = YES;
				CLANG_WARN_DIRECT_OBJC_ISA_USAGE = YES_ERROR;
				CLANG_WARN_EMPTY_BODY = YES;
				CLANG_WARN_ENUM_CONVERSION = YES;
				CLANG_WARN_INT_CONVERSION = YES;
				CLANG_WARN_OBJC_ROOT_CLASS = YES_ERROR;
				CLANG_WARN_UNREACHABLE_CODE = YES;
				CLANG_WARN__DUPLICATE_METHOD_MATCH = YES;
				CODE_SIGN_IDENTITY = "iPhone Developer";
				COPY_PHASE_STRIP = NO;
				ENABLE_STRICT_OBJC_MSGSEND = YES;
				GCC_C_LANGUAGE_STANDARD = gnu99;
				GCC_DYNAMIC_NO_PIC = NO;
				GCC_OPTIMIZATION_LEVEL = 0;
				GCC_PREPROCESSOR_DEFINITIONS = (
					"DEBUG=1",
					"XXXMYCTESTNET=1",
					"$(inherited)",
				);
				GCC_SYMBOLS_PRIVATE_EXTERN = NO;
				GCC_WARN_64_TO_32_BIT_CONVERSION = YES;
				GCC_WARN_ABOUT_RETURN_TYPE = YES_ERROR;
				GCC_WARN_UNDECLARED_SELECTOR = YES;
				GCC_WARN_UNINITIALIZED_AUTOS = YES_AGGRESSIVE;
				GCC_WARN_UNUSED_FUNCTION = YES;
				GCC_WARN_UNUSED_VARIABLE = YES;
				IPHONEOS_DEPLOYMENT_TARGET = 8.0;
				MTL_ENABLE_DEBUG_INFO = YES;
				ONLY_ACTIVE_ARCH = YES;
				SDKROOT = iphoneos;
				TARGETED_DEVICE_FAMILY = "1,2";
			};
			name = Debug;
		};
		208FFBB119D9802000D4C159 /* Release */ = {
			isa = XCBuildConfiguration;
			buildSettings = {
				ALWAYS_SEARCH_USER_PATHS = NO;
				CLANG_CXX_LANGUAGE_STANDARD = "gnu++0x";
				CLANG_CXX_LIBRARY = "libc++";
				CLANG_ENABLE_MODULES = YES;
				CLANG_ENABLE_OBJC_ARC = YES;
				CLANG_WARN_BOOL_CONVERSION = YES;
				CLANG_WARN_CONSTANT_CONVERSION = YES;
				CLANG_WARN_DIRECT_OBJC_ISA_USAGE = YES_ERROR;
				CLANG_WARN_EMPTY_BODY = YES;
				CLANG_WARN_ENUM_CONVERSION = YES;
				CLANG_WARN_INT_CONVERSION = YES;
				CLANG_WARN_OBJC_ROOT_CLASS = YES_ERROR;
				CLANG_WARN_UNREACHABLE_CODE = YES;
				CLANG_WARN__DUPLICATE_METHOD_MATCH = YES;
				CODE_SIGN_IDENTITY = "iPhone Developer";
				COPY_PHASE_STRIP = YES;
				ENABLE_NS_ASSERTIONS = NO;
				ENABLE_STRICT_OBJC_MSGSEND = YES;
				GCC_C_LANGUAGE_STANDARD = gnu99;
				GCC_WARN_64_TO_32_BIT_CONVERSION = YES;
				GCC_WARN_ABOUT_RETURN_TYPE = YES_ERROR;
				GCC_WARN_UNDECLARED_SELECTOR = YES;
				GCC_WARN_UNINITIALIZED_AUTOS = YES_AGGRESSIVE;
				GCC_WARN_UNUSED_FUNCTION = YES;
				GCC_WARN_UNUSED_VARIABLE = YES;
				IPHONEOS_DEPLOYMENT_TARGET = 8.0;
				MTL_ENABLE_DEBUG_INFO = NO;
				SDKROOT = iphoneos;
				TARGETED_DEVICE_FAMILY = "1,2";
				VALIDATE_PRODUCT = YES;
			};
			name = Release;
		};
		208FFBB319D9802000D4C159 /* Debug */ = {
			isa = XCBuildConfiguration;
			baseConfigurationReference = FAB8F4EBE2F75284722E9193 /* Pods-Mycelium Wallet.debug.xcconfig */;
			buildSettings = {
				ASSETCATALOG_COMPILER_APPICON_NAME = AppIcon;
				CODE_SIGN_ENTITLEMENTS = "Mycelium Wallet/Mycelium Wallet.entitlements";
				CODE_SIGN_IDENTITY = "iPhone Developer";
				"CODE_SIGN_IDENTITY[sdk=iphoneos*]" = "iPhone Developer";
				CODE_SIGN_RESOURCE_RULES_PATH = "$(SDKROOT)/ResourceRules.plist";
				FRAMEWORK_SEARCH_PATHS = (
					"$(inherited)",
					"$(PROJECT_DIR)",
				);
				GCC_PRECOMPILE_PREFIX_HEADER = YES;
				GCC_PREFIX_HEADER = "Mycelium Wallet/MYCPrefix.pch";
				GCC_PREPROCESSOR_DEFINITIONS = (
					"$(inherited)",
					"COCOAPODS=1",
				);
				GCC_WARN_FOUR_CHARACTER_CONSTANTS = NO;
				INFOPLIST_FILE = "Mycelium Wallet/Info.plist";
				LD_RUNPATH_SEARCH_PATHS = "$(inherited) @executable_path/Frameworks";
				PRODUCT_NAME = "$(TARGET_NAME)";
				PROVISIONING_PROFILE = "";
				TARGETED_DEVICE_FAMILY = 1;
			};
			name = Debug;
		};
		208FFBB419D9802000D4C159 /* Release */ = {
			isa = XCBuildConfiguration;
			baseConfigurationReference = 677B515CE201D7130F53029B /* Pods-Mycelium Wallet.release.xcconfig */;
			buildSettings = {
				ASSETCATALOG_COMPILER_APPICON_NAME = AppIcon;
				CODE_SIGN_ENTITLEMENTS = "Mycelium Wallet/Mycelium Wallet.entitlements";
				CODE_SIGN_IDENTITY = "iPhone Developer";
				"CODE_SIGN_IDENTITY[sdk=iphoneos*]" = "iPhone Developer";
				CODE_SIGN_RESOURCE_RULES_PATH = "$(SDKROOT)/ResourceRules.plist";
				FRAMEWORK_SEARCH_PATHS = (
					"$(inherited)",
					"$(PROJECT_DIR)",
				);
				GCC_PRECOMPILE_PREFIX_HEADER = YES;
				GCC_PREFIX_HEADER = "Mycelium Wallet/MYCPrefix.pch";
				GCC_PREPROCESSOR_DEFINITIONS = (
					"$(inherited)",
					"COCOAPODS=1",
				);
				GCC_WARN_FOUR_CHARACTER_CONSTANTS = NO;
				INFOPLIST_FILE = "Mycelium Wallet/Info.plist";
				LD_RUNPATH_SEARCH_PATHS = "$(inherited) @executable_path/Frameworks";
				PRODUCT_NAME = "$(TARGET_NAME)";
				PROVISIONING_PROFILE = "";
				TARGETED_DEVICE_FAMILY = 1;
			};
			name = Release;
		};
		208FFBB619D9802000D4C159 /* Debug */ = {
			isa = XCBuildConfiguration;
			buildSettings = {
				BUNDLE_LOADER = "$(TEST_HOST)";
				FRAMEWORK_SEARCH_PATHS = (
					"$(SDKROOT)/Developer/Library/Frameworks",
					"$(inherited)",
				);
				GCC_PREPROCESSOR_DEFINITIONS = (
					"DEBUG=1",
					"$(inherited)",
				);
				INFOPLIST_FILE = "Mycelium WalletTests/Info.plist";
				LD_RUNPATH_SEARCH_PATHS = "$(inherited) @executable_path/Frameworks @loader_path/Frameworks";
				PRODUCT_NAME = "$(TARGET_NAME)";
				TEST_HOST = "$(BUILT_PRODUCTS_DIR)/Mycelium Wallet.app/Mycelium Wallet";
			};
			name = Debug;
		};
		208FFBB719D9802000D4C159 /* Release */ = {
			isa = XCBuildConfiguration;
			buildSettings = {
				BUNDLE_LOADER = "$(TEST_HOST)";
				FRAMEWORK_SEARCH_PATHS = (
					"$(SDKROOT)/Developer/Library/Frameworks",
					"$(inherited)",
				);
				INFOPLIST_FILE = "Mycelium WalletTests/Info.plist";
				LD_RUNPATH_SEARCH_PATHS = "$(inherited) @executable_path/Frameworks @loader_path/Frameworks";
				PRODUCT_NAME = "$(TARGET_NAME)";
				TEST_HOST = "$(BUILT_PRODUCTS_DIR)/Mycelium Wallet.app/Mycelium Wallet";
			};
			name = Release;
		};
/* End XCBuildConfiguration section */

/* Begin XCConfigurationList section */
		208FFB8A19D9802000D4C159 /* Build configuration list for PBXProject "Mycelium Wallet" */ = {
			isa = XCConfigurationList;
			buildConfigurations = (
				208FFBB019D9802000D4C159 /* Debug */,
				208FFBB119D9802000D4C159 /* Release */,
			);
			defaultConfigurationIsVisible = 0;
			defaultConfigurationName = Release;
		};
		208FFBB219D9802000D4C159 /* Build configuration list for PBXNativeTarget "Mycelium Wallet" */ = {
			isa = XCConfigurationList;
			buildConfigurations = (
				208FFBB319D9802000D4C159 /* Debug */,
				208FFBB419D9802000D4C159 /* Release */,
			);
			defaultConfigurationIsVisible = 0;
			defaultConfigurationName = Release;
		};
		208FFBB519D9802000D4C159 /* Build configuration list for PBXNativeTarget "Mycelium WalletTests" */ = {
			isa = XCConfigurationList;
			buildConfigurations = (
				208FFBB619D9802000D4C159 /* Debug */,
				208FFBB719D9802000D4C159 /* Release */,
			);
			defaultConfigurationIsVisible = 0;
			defaultConfigurationName = Release;
		};
/* End XCConfigurationList section */
	};
	rootObject = 208FFB8719D9802000D4C159 /* Project object */;
}
