// !$*UTF8*$!
{
	archiveVersion = 1;
	classes = {
	};
	objectVersion = 46;
	objects = {

/* Begin PBXBuildFile section */
		2064E37719D9858F00CD81B8 /* MYCWallet.m in Sources */ = {isa = PBXBuildFile; fileRef = 2064E37619D9858F00CD81B8 /* MYCWallet.m */; };
		2064E37B19D996B400CD81B8 /* MYCRoundedButton.m in Sources */ = {isa = PBXBuildFile; fileRef = 2064E37A19D996B400CD81B8 /* MYCRoundedButton.m */; };
		2064E37E19D996C500CD81B8 /* MYCRoundedView.m in Sources */ = {isa = PBXBuildFile; fileRef = 2064E37D19D996C500CD81B8 /* MYCRoundedView.m */; };
		2064E38219D9A0D000CD81B8 /* MYCBalanceViewController.m in Sources */ = {isa = PBXBuildFile; fileRef = 2064E38019D9A0D000CD81B8 /* MYCBalanceViewController.m */; };
		2064E38319D9A0D000CD81B8 /* MYCBalanceViewController.xib in Resources */ = {isa = PBXBuildFile; fileRef = 2064E38119D9A0D000CD81B8 /* MYCBalanceViewController.xib */; };
		2064E38719D9A0E400CD81B8 /* MYCAccountsViewController.m in Sources */ = {isa = PBXBuildFile; fileRef = 2064E38519D9A0E400CD81B8 /* MYCAccountsViewController.m */; };
		2064E38819D9A0E400CD81B8 /* MYCAccountsViewController.xib in Resources */ = {isa = PBXBuildFile; fileRef = 2064E38619D9A0E400CD81B8 /* MYCAccountsViewController.xib */; };
		2064E38C19D9A0F200CD81B8 /* MYCTransactionsViewController.m in Sources */ = {isa = PBXBuildFile; fileRef = 2064E38A19D9A0F200CD81B8 /* MYCTransactionsViewController.m */; };
		2064E38D19D9A0F200CD81B8 /* MYCTransactionsViewController.xib in Resources */ = {isa = PBXBuildFile; fileRef = 2064E38B19D9A0F200CD81B8 /* MYCTransactionsViewController.xib */; };
		2064E39119D9A10400CD81B8 /* MYCSettingsViewController.m in Sources */ = {isa = PBXBuildFile; fileRef = 2064E38F19D9A10400CD81B8 /* MYCSettingsViewController.m */; };
		2064E39219D9A10400CD81B8 /* MYCSettingsViewController.xib in Resources */ = {isa = PBXBuildFile; fileRef = 2064E39019D9A10400CD81B8 /* MYCSettingsViewController.xib */; };
		208FFB9519D9802000D4C159 /* main.m in Sources */ = {isa = PBXBuildFile; fileRef = 208FFB9419D9802000D4C159 /* main.m */; };
		208FFB9819D9802000D4C159 /* MYCAppDelegate.m in Sources */ = {isa = PBXBuildFile; fileRef = 208FFB9719D9802000D4C159 /* MYCAppDelegate.m */; };
		208FFBA019D9802000D4C159 /* Images.xcassets in Resources */ = {isa = PBXBuildFile; fileRef = 208FFB9F19D9802000D4C159 /* Images.xcassets */; };
		208FFBA319D9802000D4C159 /* LaunchScreen.xib in Resources */ = {isa = PBXBuildFile; fileRef = 208FFBA119D9802000D4C159 /* LaunchScreen.xib */; };
		208FFBAF19D9802000D4C159 /* Mycelium_WalletTests.m in Sources */ = {isa = PBXBuildFile; fileRef = 208FFBAE19D9802000D4C159 /* Mycelium_WalletTests.m */; };
		208FFBBB19D9848800D4C159 /* MYCWelcomeViewController.m in Sources */ = {isa = PBXBuildFile; fileRef = 208FFBB919D9848800D4C159 /* MYCWelcomeViewController.m */; };
		208FFBBC19D9848800D4C159 /* MYCWelcomeViewController.xib in Resources */ = {isa = PBXBuildFile; fileRef = 208FFBBA19D9848800D4C159 /* MYCWelcomeViewController.xib */; };
		208FFBC419D984E700D4C159 /* MYCTabBarController.m in Sources */ = {isa = PBXBuildFile; fileRef = 208FFBC219D984E700D4C159 /* MYCTabBarController.m */; };
		208FFBC519D984E700D4C159 /* MYCTabBarController.xib in Resources */ = {isa = PBXBuildFile; fileRef = 208FFBC319D984E700D4C159 /* MYCTabBarController.xib */; };
/* End PBXBuildFile section */

/* Begin PBXContainerItemProxy section */
		208FFBA919D9802000D4C159 /* PBXContainerItemProxy */ = {
			isa = PBXContainerItemProxy;
			containerPortal = 208FFB8719D9802000D4C159 /* Project object */;
			proxyType = 1;
			remoteGlobalIDString = 208FFB8E19D9802000D4C159;
			remoteInfo = "Mycelium Wallet";
		};
/* End PBXContainerItemProxy section */

/* Begin PBXFileReference section */
		2064E37519D9858F00CD81B8 /* MYCWallet.h */ = {isa = PBXFileReference; fileEncoding = 4; lastKnownFileType = sourcecode.c.h; name = MYCWallet.h; path = Models/MYCWallet.h; sourceTree = "<group>"; };
		2064E37619D9858F00CD81B8 /* MYCWallet.m */ = {isa = PBXFileReference; fileEncoding = 4; lastKnownFileType = sourcecode.c.objc; name = MYCWallet.m; path = Models/MYCWallet.m; sourceTree = "<group>"; };
		2064E37919D996B400CD81B8 /* MYCRoundedButton.h */ = {isa = PBXFileReference; fileEncoding = 4; lastKnownFileType = sourcecode.c.h; name = MYCRoundedButton.h; path = "UI Utils/MYCRoundedButton.h"; sourceTree = "<group>"; };
		2064E37A19D996B400CD81B8 /* MYCRoundedButton.m */ = {isa = PBXFileReference; fileEncoding = 4; lastKnownFileType = sourcecode.c.objc; name = MYCRoundedButton.m; path = "UI Utils/MYCRoundedButton.m"; sourceTree = "<group>"; };
		2064E37C19D996C500CD81B8 /* MYCRoundedView.h */ = {isa = PBXFileReference; fileEncoding = 4; lastKnownFileType = sourcecode.c.h; name = MYCRoundedView.h; path = "UI Utils/MYCRoundedView.h"; sourceTree = "<group>"; };
		2064E37D19D996C500CD81B8 /* MYCRoundedView.m */ = {isa = PBXFileReference; fileEncoding = 4; lastKnownFileType = sourcecode.c.objc; name = MYCRoundedView.m; path = "UI Utils/MYCRoundedView.m"; sourceTree = "<group>"; };
		2064E37F19D9A0D000CD81B8 /* MYCBalanceViewController.h */ = {isa = PBXFileReference; fileEncoding = 4; lastKnownFileType = sourcecode.c.h; path = MYCBalanceViewController.h; sourceTree = "<group>"; };
		2064E38019D9A0D000CD81B8 /* MYCBalanceViewController.m */ = {isa = PBXFileReference; fileEncoding = 4; lastKnownFileType = sourcecode.c.objc; path = MYCBalanceViewController.m; sourceTree = "<group>"; };
		2064E38119D9A0D000CD81B8 /* MYCBalanceViewController.xib */ = {isa = PBXFileReference; fileEncoding = 4; lastKnownFileType = file.xib; path = MYCBalanceViewController.xib; sourceTree = "<group>"; };
		2064E38419D9A0E400CD81B8 /* MYCAccountsViewController.h */ = {isa = PBXFileReference; fileEncoding = 4; lastKnownFileType = sourcecode.c.h; path = MYCAccountsViewController.h; sourceTree = "<group>"; };
		2064E38519D9A0E400CD81B8 /* MYCAccountsViewController.m */ = {isa = PBXFileReference; fileEncoding = 4; lastKnownFileType = sourcecode.c.objc; path = MYCAccountsViewController.m; sourceTree = "<group>"; };
		2064E38619D9A0E400CD81B8 /* MYCAccountsViewController.xib */ = {isa = PBXFileReference; fileEncoding = 4; lastKnownFileType = file.xib; path = MYCAccountsViewController.xib; sourceTree = "<group>"; };
		2064E38919D9A0F200CD81B8 /* MYCTransactionsViewController.h */ = {isa = PBXFileReference; fileEncoding = 4; lastKnownFileType = sourcecode.c.h; path = MYCTransactionsViewController.h; sourceTree = "<group>"; };
		2064E38A19D9A0F200CD81B8 /* MYCTransactionsViewController.m */ = {isa = PBXFileReference; fileEncoding = 4; lastKnownFileType = sourcecode.c.objc; path = MYCTransactionsViewController.m; sourceTree = "<group>"; };
		2064E38B19D9A0F200CD81B8 /* MYCTransactionsViewController.xib */ = {isa = PBXFileReference; fileEncoding = 4; lastKnownFileType = file.xib; path = MYCTransactionsViewController.xib; sourceTree = "<group>"; };
		2064E38E19D9A10400CD81B8 /* MYCSettingsViewController.h */ = {isa = PBXFileReference; fileEncoding = 4; lastKnownFileType = sourcecode.c.h; path = MYCSettingsViewController.h; sourceTree = "<group>"; };
		2064E38F19D9A10400CD81B8 /* MYCSettingsViewController.m */ = {isa = PBXFileReference; fileEncoding = 4; lastKnownFileType = sourcecode.c.objc; path = MYCSettingsViewController.m; sourceTree = "<group>"; };
		2064E39019D9A10400CD81B8 /* MYCSettingsViewController.xib */ = {isa = PBXFileReference; fileEncoding = 4; lastKnownFileType = file.xib; path = MYCSettingsViewController.xib; sourceTree = "<group>"; };
		2064E39319D9AE1C00CD81B8 /* Podfile */ = {isa = PBXFileReference; explicitFileType = text.script.ruby; fileEncoding = 4; path = Podfile; sourceTree = "<group>"; };
		208FFB8F19D9802000D4C159 /* Mycelium Wallet.app */ = {isa = PBXFileReference; explicitFileType = wrapper.application; includeInIndex = 0; path = "Mycelium Wallet.app"; sourceTree = BUILT_PRODUCTS_DIR; };
		208FFB9319D9802000D4C159 /* Info.plist */ = {isa = PBXFileReference; lastKnownFileType = text.plist.xml; path = Info.plist; sourceTree = "<group>"; };
		208FFB9419D9802000D4C159 /* main.m */ = {isa = PBXFileReference; lastKnownFileType = sourcecode.c.objc; path = main.m; sourceTree = "<group>"; };
		208FFB9619D9802000D4C159 /* MYCAppDelegate.h */ = {isa = PBXFileReference; lastKnownFileType = sourcecode.c.h; path = MYCAppDelegate.h; sourceTree = "<group>"; };
		208FFB9719D9802000D4C159 /* MYCAppDelegate.m */ = {isa = PBXFileReference; lastKnownFileType = sourcecode.c.objc; path = MYCAppDelegate.m; sourceTree = "<group>"; };
		208FFB9F19D9802000D4C159 /* Images.xcassets */ = {isa = PBXFileReference; lastKnownFileType = folder.assetcatalog; path = Images.xcassets; sourceTree = "<group>"; };
		208FFBA219D9802000D4C159 /* Base */ = {isa = PBXFileReference; lastKnownFileType = file.xib; name = Base; path = Base.lproj/LaunchScreen.xib; sourceTree = "<group>"; };
		208FFBA819D9802000D4C159 /* Mycelium WalletTests.xctest */ = {isa = PBXFileReference; explicitFileType = wrapper.cfbundle; includeInIndex = 0; path = "Mycelium WalletTests.xctest"; sourceTree = BUILT_PRODUCTS_DIR; };
		208FFBAD19D9802000D4C159 /* Info.plist */ = {isa = PBXFileReference; lastKnownFileType = text.plist.xml; path = Info.plist; sourceTree = "<group>"; };
		208FFBAE19D9802000D4C159 /* Mycelium_WalletTests.m */ = {isa = PBXFileReference; lastKnownFileType = sourcecode.c.objc; path = Mycelium_WalletTests.m; sourceTree = "<group>"; };
		208FFBB819D9848800D4C159 /* MYCWelcomeViewController.h */ = {isa = PBXFileReference; fileEncoding = 4; lastKnownFileType = sourcecode.c.h; path = MYCWelcomeViewController.h; sourceTree = "<group>"; };
		208FFBB919D9848800D4C159 /* MYCWelcomeViewController.m */ = {isa = PBXFileReference; fileEncoding = 4; lastKnownFileType = sourcecode.c.objc; path = MYCWelcomeViewController.m; sourceTree = "<group>"; };
		208FFBBA19D9848800D4C159 /* MYCWelcomeViewController.xib */ = {isa = PBXFileReference; fileEncoding = 4; lastKnownFileType = file.xib; path = MYCWelcomeViewController.xib; sourceTree = "<group>"; };
		208FFBC119D984E700D4C159 /* MYCTabBarController.h */ = {isa = PBXFileReference; fileEncoding = 4; lastKnownFileType = sourcecode.c.h; path = MYCTabBarController.h; sourceTree = "<group>"; };
		208FFBC219D984E700D4C159 /* MYCTabBarController.m */ = {isa = PBXFileReference; fileEncoding = 4; lastKnownFileType = sourcecode.c.objc; path = MYCTabBarController.m; sourceTree = "<group>"; };
		208FFBC319D984E700D4C159 /* MYCTabBarController.xib */ = {isa = PBXFileReference; fileEncoding = 4; lastKnownFileType = file.xib; path = MYCTabBarController.xib; sourceTree = "<group>"; };
/* End PBXFileReference section */

/* Begin PBXFrameworksBuildPhase section */
		208FFB8C19D9802000D4C159 /* Frameworks */ = {
			isa = PBXFrameworksBuildPhase;
			buildActionMask = 2147483647;
			files = (
			);
			runOnlyForDeploymentPostprocessing = 0;
		};
		208FFBA519D9802000D4C159 /* Frameworks */ = {
			isa = PBXFrameworksBuildPhase;
			buildActionMask = 2147483647;
			files = (
			);
			runOnlyForDeploymentPostprocessing = 0;
		};
/* End PBXFrameworksBuildPhase section */

/* Begin PBXGroup section */
		2064E37819D995C600CD81B8 /* UI Utils */ = {
			isa = PBXGroup;
			children = (
				2064E37919D996B400CD81B8 /* MYCRoundedButton.h */,
				2064E37A19D996B400CD81B8 /* MYCRoundedButton.m */,
				2064E37C19D996C500CD81B8 /* MYCRoundedView.h */,
				2064E37D19D996C500CD81B8 /* MYCRoundedView.m */,
			);
			name = "UI Utils";
			sourceTree = "<group>";
		};
		208FFB8619D9802000D4C159 = {
			isa = PBXGroup;
			children = (
				2064E39319D9AE1C00CD81B8 /* Podfile */,
				208FFB9119D9802000D4C159 /* Mycelium Wallet */,
				208FFBAB19D9802000D4C159 /* Mycelium WalletTests */,
				208FFB9019D9802000D4C159 /* Products */,
			);
			sourceTree = "<group>";
		};
		208FFB9019D9802000D4C159 /* Products */ = {
			isa = PBXGroup;
			children = (
				208FFB8F19D9802000D4C159 /* Mycelium Wallet.app */,
				208FFBA819D9802000D4C159 /* Mycelium WalletTests.xctest */,
			);
			name = Products;
			sourceTree = "<group>";
		};
		208FFB9119D9802000D4C159 /* Mycelium Wallet */ = {
			isa = PBXGroup;
			children = (
				208FFB9619D9802000D4C159 /* MYCAppDelegate.h */,
				208FFB9719D9802000D4C159 /* MYCAppDelegate.m */,
				208FFBBF19D984A100D4C159 /* Models */,
				2064E37819D995C600CD81B8 /* UI Utils */,
				208FFBC019D984B800D4C159 /* Networking */,
				208FFBBD19D9848B00D4C159 /* Welcome Views */,
				208FFBBE19D9849800D4C159 /* Main Views */,
				208FFB9F19D9802000D4C159 /* Images.xcassets */,
				208FFBA119D9802000D4C159 /* LaunchScreen.xib */,
				208FFB9219D9802000D4C159 /* Supporting Files */,
			);
			path = "Mycelium Wallet";
			sourceTree = "<group>";
		};
		208FFB9219D9802000D4C159 /* Supporting Files */ = {
			isa = PBXGroup;
			children = (
				208FFB9319D9802000D4C159 /* Info.plist */,
				208FFB9419D9802000D4C159 /* main.m */,
			);
			name = "Supporting Files";
			sourceTree = "<group>";
		};
		208FFBAB19D9802000D4C159 /* Mycelium WalletTests */ = {
			isa = PBXGroup;
			children = (
				208FFBAE19D9802000D4C159 /* Mycelium_WalletTests.m */,
				208FFBAC19D9802000D4C159 /* Supporting Files */,
			);
			path = "Mycelium WalletTests";
			sourceTree = "<group>";
		};
		208FFBAC19D9802000D4C159 /* Supporting Files */ = {
			isa = PBXGroup;
			children = (
				208FFBAD19D9802000D4C159 /* Info.plist */,
			);
			name = "Supporting Files";
			sourceTree = "<group>";
		};
		208FFBBD19D9848B00D4C159 /* Welcome Views */ = {
			isa = PBXGroup;
			children = (
				208FFBB819D9848800D4C159 /* MYCWelcomeViewController.h */,
				208FFBB919D9848800D4C159 /* MYCWelcomeViewController.m */,
				208FFBBA19D9848800D4C159 /* MYCWelcomeViewController.xib */,
			);
			name = "Welcome Views";
			sourceTree = "<group>";
		};
		208FFBBE19D9849800D4C159 /* Main Views */ = {
			isa = PBXGroup;
			children = (
				208FFBC119D984E700D4C159 /* MYCTabBarController.h */,
				208FFBC219D984E700D4C159 /* MYCTabBarController.m */,
				208FFBC319D984E700D4C159 /* MYCTabBarController.xib */,
				2064E37F19D9A0D000CD81B8 /* MYCBalanceViewController.h */,
				2064E38019D9A0D000CD81B8 /* MYCBalanceViewController.m */,
				2064E38119D9A0D000CD81B8 /* MYCBalanceViewController.xib */,
				2064E38419D9A0E400CD81B8 /* MYCAccountsViewController.h */,
				2064E38519D9A0E400CD81B8 /* MYCAccountsViewController.m */,
				2064E38619D9A0E400CD81B8 /* MYCAccountsViewController.xib */,
				2064E38919D9A0F200CD81B8 /* MYCTransactionsViewController.h */,
				2064E38A19D9A0F200CD81B8 /* MYCTransactionsViewController.m */,
				2064E38B19D9A0F200CD81B8 /* MYCTransactionsViewController.xib */,
				2064E38E19D9A10400CD81B8 /* MYCSettingsViewController.h */,
				2064E38F19D9A10400CD81B8 /* MYCSettingsViewController.m */,
				2064E39019D9A10400CD81B8 /* MYCSettingsViewController.xib */,
			);
			name = "Main Views";
			sourceTree = "<group>";
		};
		208FFBBF19D984A100D4C159 /* Models */ = {
			isa = PBXGroup;
			children = (
				2064E37519D9858F00CD81B8 /* MYCWallet.h */,
				2064E37619D9858F00CD81B8 /* MYCWallet.m */,
			);
			name = Models;
			sourceTree = "<group>";
		};
		208FFBC019D984B800D4C159 /* Networking */ = {
			isa = PBXGroup;
			children = (
			);
			name = Networking;
			sourceTree = "<group>";
		};
/* End PBXGroup section */

/* Begin PBXNativeTarget section */
		208FFB8E19D9802000D4C159 /* Mycelium Wallet */ = {
			isa = PBXNativeTarget;
			buildConfigurationList = 208FFBB219D9802000D4C159 /* Build configuration list for PBXNativeTarget "Mycelium Wallet" */;
			buildPhases = (
				208FFB8B19D9802000D4C159 /* Sources */,
				208FFB8C19D9802000D4C159 /* Frameworks */,
				208FFB8D19D9802000D4C159 /* Resources */,
			);
			buildRules = (
			);
			dependencies = (
			);
			name = "Mycelium Wallet";
			productName = "Mycelium Wallet";
			productReference = 208FFB8F19D9802000D4C159 /* Mycelium Wallet.app */;
			productType = "com.apple.product-type.application";
		};
		208FFBA719D9802000D4C159 /* Mycelium WalletTests */ = {
			isa = PBXNativeTarget;
			buildConfigurationList = 208FFBB519D9802000D4C159 /* Build configuration list for PBXNativeTarget "Mycelium WalletTests" */;
			buildPhases = (
				208FFBA419D9802000D4C159 /* Sources */,
				208FFBA519D9802000D4C159 /* Frameworks */,
				208FFBA619D9802000D4C159 /* Resources */,
			);
			buildRules = (
			);
			dependencies = (
				208FFBAA19D9802000D4C159 /* PBXTargetDependency */,
			);
			name = "Mycelium WalletTests";
			productName = "Mycelium WalletTests";
			productReference = 208FFBA819D9802000D4C159 /* Mycelium WalletTests.xctest */;
			productType = "com.apple.product-type.bundle.unit-test";
		};
/* End PBXNativeTarget section */

/* Begin PBXProject section */
		208FFB8719D9802000D4C159 /* Project object */ = {
			isa = PBXProject;
			attributes = {
				LastUpgradeCheck = 0600;
				ORGANIZATIONNAME = Mycelium;
				TargetAttributes = {
					208FFB8E19D9802000D4C159 = {
						CreatedOnToolsVersion = 6.0.1;
					};
					208FFBA719D9802000D4C159 = {
						CreatedOnToolsVersion = 6.0.1;
						TestTargetID = 208FFB8E19D9802000D4C159;
					};
				};
			};
			buildConfigurationList = 208FFB8A19D9802000D4C159 /* Build configuration list for PBXProject "Mycelium Wallet" */;
			compatibilityVersion = "Xcode 3.2";
			developmentRegion = English;
			hasScannedForEncodings = 0;
			knownRegions = (
				en,
				Base,
			);
			mainGroup = 208FFB8619D9802000D4C159;
			productRefGroup = 208FFB9019D9802000D4C159 /* Products */;
			projectDirPath = "";
			projectRoot = "";
			targets = (
				208FFB8E19D9802000D4C159 /* Mycelium Wallet */,
				208FFBA719D9802000D4C159 /* Mycelium WalletTests */,
			);
		};
/* End PBXProject section */

/* Begin PBXResourcesBuildPhase section */
		208FFB8D19D9802000D4C159 /* Resources */ = {
			isa = PBXResourcesBuildPhase;
			buildActionMask = 2147483647;
			files = (
				2064E38819D9A0E400CD81B8 /* MYCAccountsViewController.xib in Resources */,
				208FFBA319D9802000D4C159 /* LaunchScreen.xib in Resources */,
				208FFBC519D984E700D4C159 /* MYCTabBarController.xib in Resources */,
				208FFBA019D9802000D4C159 /* Images.xcassets in Resources */,
				2064E38D19D9A0F200CD81B8 /* MYCTransactionsViewController.xib in Resources */,
				208FFBBC19D9848800D4C159 /* MYCWelcomeViewController.xib in Resources */,
				2064E38319D9A0D000CD81B8 /* MYCBalanceViewController.xib in Resources */,
				2064E39219D9A10400CD81B8 /* MYCSettingsViewController.xib in Resources */,
			);
			runOnlyForDeploymentPostprocessing = 0;
		};
		208FFBA619D9802000D4C159 /* Resources */ = {
			isa = PBXResourcesBuildPhase;
			buildActionMask = 2147483647;
			files = (
			);
			runOnlyForDeploymentPostprocessing = 0;
		};
/* End PBXResourcesBuildPhase section */

/* Begin PBXSourcesBuildPhase section */
		208FFB8B19D9802000D4C159 /* Sources */ = {
			isa = PBXSourcesBuildPhase;
			buildActionMask = 2147483647;
			files = (
				208FFB9819D9802000D4C159 /* MYCAppDelegate.m in Sources */,
				2064E37E19D996C500CD81B8 /* MYCRoundedView.m in Sources */,
				2064E37B19D996B400CD81B8 /* MYCRoundedButton.m in Sources */,
				2064E38C19D9A0F200CD81B8 /* MYCTransactionsViewController.m in Sources */,
				2064E38219D9A0D000CD81B8 /* MYCBalanceViewController.m in Sources */,
				2064E39119D9A10400CD81B8 /* MYCSettingsViewController.m in Sources */,
				208FFBC419D984E700D4C159 /* MYCTabBarController.m in Sources */,
				2064E38719D9A0E400CD81B8 /* MYCAccountsViewController.m in Sources */,
				208FFB9519D9802000D4C159 /* main.m in Sources */,
				208FFBBB19D9848800D4C159 /* MYCWelcomeViewController.m in Sources */,
				2064E37719D9858F00CD81B8 /* MYCWallet.m in Sources */,
			);
			runOnlyForDeploymentPostprocessing = 0;
		};
		208FFBA419D9802000D4C159 /* Sources */ = {
			isa = PBXSourcesBuildPhase;
			buildActionMask = 2147483647;
			files = (
				208FFBAF19D9802000D4C159 /* Mycelium_WalletTests.m in Sources */,
			);
			runOnlyForDeploymentPostprocessing = 0;
		};
/* End PBXSourcesBuildPhase section */

/* Begin PBXTargetDependency section */
		208FFBAA19D9802000D4C159 /* PBXTargetDependency */ = {
			isa = PBXTargetDependency;
			target = 208FFB8E19D9802000D4C159 /* Mycelium Wallet */;
			targetProxy = 208FFBA919D9802000D4C159 /* PBXContainerItemProxy */;
		};
/* End PBXTargetDependency section */

/* Begin PBXVariantGroup section */
		208FFBA119D9802000D4C159 /* LaunchScreen.xib */ = {
			isa = PBXVariantGroup;
			children = (
				208FFBA219D9802000D4C159 /* Base */,
			);
			name = LaunchScreen.xib;
			sourceTree = "<group>";
		};
/* End PBXVariantGroup section */

/* Begin XCBuildConfiguration section */
		208FFBB019D9802000D4C159 /* Debug */ = {
			isa = XCBuildConfiguration;
			buildSettings = {
				ALWAYS_SEARCH_USER_PATHS = NO;
				CLANG_CXX_LANGUAGE_STANDARD = "gnu++0x";
				CLANG_CXX_LIBRARY = "libc++";
				CLANG_ENABLE_MODULES = YES;
				CLANG_ENABLE_OBJC_ARC = YES;
				CLANG_WARN_BOOL_CONVERSION = YES;
				CLANG_WARN_CONSTANT_CONVERSION = YES;
				CLANG_WARN_DIRECT_OBJC_ISA_USAGE = YES_ERROR;
				CLANG_WARN_EMPTY_BODY = YES;
				CLANG_WARN_ENUM_CONVERSION = YES;
				CLANG_WARN_INT_CONVERSION = YES;
				CLANG_WARN_OBJC_ROOT_CLASS = YES_ERROR;
				CLANG_WARN_UNREACHABLE_CODE = YES;
				CLANG_WARN__DUPLICATE_METHOD_MATCH = YES;
				"CODE_SIGN_IDENTITY[sdk=iphoneos*]" = "iPhone Developer";
				COPY_PHASE_STRIP = NO;
				ENABLE_STRICT_OBJC_MSGSEND = YES;
				GCC_C_LANGUAGE_STANDARD = gnu99;
				GCC_DYNAMIC_NO_PIC = NO;
				GCC_OPTIMIZATION_LEVEL = 0;
				GCC_PREPROCESSOR_DEFINITIONS = (
					"DEBUG=1",
					"$(inherited)",
				);
				GCC_SYMBOLS_PRIVATE_EXTERN = NO;
				GCC_WARN_64_TO_32_BIT_CONVERSION = YES;
				GCC_WARN_ABOUT_RETURN_TYPE = YES_ERROR;
				GCC_WARN_UNDECLARED_SELECTOR = YES;
				GCC_WARN_UNINITIALIZED_AUTOS = YES_AGGRESSIVE;
				GCC_WARN_UNUSED_FUNCTION = YES;
				GCC_WARN_UNUSED_VARIABLE = YES;
				IPHONEOS_DEPLOYMENT_TARGET = 8.0;
				MTL_ENABLE_DEBUG_INFO = YES;
				ONLY_ACTIVE_ARCH = YES;
				SDKROOT = iphoneos;
				TARGETED_DEVICE_FAMILY = "1,2";
			};
			name = Debug;
		};
		208FFBB119D9802000D4C159 /* Release */ = {
			isa = XCBuildConfiguration;
			buildSettings = {
				ALWAYS_SEARCH_USER_PATHS = NO;
				CLANG_CXX_LANGUAGE_STANDARD = "gnu++0x";
				CLANG_CXX_LIBRARY = "libc++";
				CLANG_ENABLE_MODULES = YES;
				CLANG_ENABLE_OBJC_ARC = YES;
				CLANG_WARN_BOOL_CONVERSION = YES;
				CLANG_WARN_CONSTANT_CONVERSION = YES;
				CLANG_WARN_DIRECT_OBJC_ISA_USAGE = YES_ERROR;
				CLANG_WARN_EMPTY_BODY = YES;
				CLANG_WARN_ENUM_CONVERSION = YES;
				CLANG_WARN_INT_CONVERSION = YES;
				CLANG_WARN_OBJC_ROOT_CLASS = YES_ERROR;
				CLANG_WARN_UNREACHABLE_CODE = YES;
				CLANG_WARN__DUPLICATE_METHOD_MATCH = YES;
				"CODE_SIGN_IDENTITY[sdk=iphoneos*]" = "iPhone Developer";
				COPY_PHASE_STRIP = YES;
				ENABLE_NS_ASSERTIONS = NO;
				ENABLE_STRICT_OBJC_MSGSEND = YES;
				GCC_C_LANGUAGE_STANDARD = gnu99;
				GCC_WARN_64_TO_32_BIT_CONVERSION = YES;
				GCC_WARN_ABOUT_RETURN_TYPE = YES_ERROR;
				GCC_WARN_UNDECLARED_SELECTOR = YES;
				GCC_WARN_UNINITIALIZED_AUTOS = YES_AGGRESSIVE;
				GCC_WARN_UNUSED_FUNCTION = YES;
				GCC_WARN_UNUSED_VARIABLE = YES;
				IPHONEOS_DEPLOYMENT_TARGET = 8.0;
				MTL_ENABLE_DEBUG_INFO = NO;
				SDKROOT = iphoneos;
				TARGETED_DEVICE_FAMILY = "1,2";
				VALIDATE_PRODUCT = YES;
			};
			name = Release;
		};
		208FFBB319D9802000D4C159 /* Debug */ = {
			isa = XCBuildConfiguration;
			buildSettings = {
				ASSETCATALOG_COMPILER_APPICON_NAME = AppIcon;
				INFOPLIST_FILE = "Mycelium Wallet/Info.plist";
				LD_RUNPATH_SEARCH_PATHS = "$(inherited) @executable_path/Frameworks";
				PRODUCT_NAME = "$(TARGET_NAME)";
			};
			name = Debug;
		};
		208FFBB419D9802000D4C159 /* Release */ = {
			isa = XCBuildConfiguration;
			buildSettings = {
				ASSETCATALOG_COMPILER_APPICON_NAME = AppIcon;
				INFOPLIST_FILE = "Mycelium Wallet/Info.plist";
				LD_RUNPATH_SEARCH_PATHS = "$(inherited) @executable_path/Frameworks";
				PRODUCT_NAME = "$(TARGET_NAME)";
			};
			name = Release;
		};
		208FFBB619D9802000D4C159 /* Debug */ = {
			isa = XCBuildConfiguration;
			buildSettings = {
				BUNDLE_LOADER = "$(TEST_HOST)";
				FRAMEWORK_SEARCH_PATHS = (
					"$(SDKROOT)/Developer/Library/Frameworks",
					"$(inherited)",
				);
				GCC_PREPROCESSOR_DEFINITIONS = (
					"DEBUG=1",
					"$(inherited)",
				);
				INFOPLIST_FILE = "Mycelium WalletTests/Info.plist";
				LD_RUNPATH_SEARCH_PATHS = "$(inherited) @executable_path/Frameworks @loader_path/Frameworks";
				PRODUCT_NAME = "$(TARGET_NAME)";
				TEST_HOST = "$(BUILT_PRODUCTS_DIR)/Mycelium Wallet.app/Mycelium Wallet";
			};
			name = Debug;
		};
		208FFBB719D9802000D4C159 /* Release */ = {
			isa = XCBuildConfiguration;
			buildSettings = {
				BUNDLE_LOADER = "$(TEST_HOST)";
				FRAMEWORK_SEARCH_PATHS = (
					"$(SDKROOT)/Developer/Library/Frameworks",
					"$(inherited)",
				);
				INFOPLIST_FILE = "Mycelium WalletTests/Info.plist";
				LD_RUNPATH_SEARCH_PATHS = "$(inherited) @executable_path/Frameworks @loader_path/Frameworks";
				PRODUCT_NAME = "$(TARGET_NAME)";
				TEST_HOST = "$(BUILT_PRODUCTS_DIR)/Mycelium Wallet.app/Mycelium Wallet";
			};
			name = Release;
		};
/* End XCBuildConfiguration section */

/* Begin XCConfigurationList section */
		208FFB8A19D9802000D4C159 /* Build configuration list for PBXProject "Mycelium Wallet" */ = {
			isa = XCConfigurationList;
			buildConfigurations = (
				208FFBB019D9802000D4C159 /* Debug */,
				208FFBB119D9802000D4C159 /* Release */,
			);
			defaultConfigurationIsVisible = 0;
			defaultConfigurationName = Release;
		};
		208FFBB219D9802000D4C159 /* Build configuration list for PBXNativeTarget "Mycelium Wallet" */ = {
			isa = XCConfigurationList;
			buildConfigurations = (
				208FFBB319D9802000D4C159 /* Debug */,
				208FFBB419D9802000D4C159 /* Release */,
			);
			defaultConfigurationIsVisible = 0;
			defaultConfigurationName = Release;
		};
		208FFBB519D9802000D4C159 /* Build configuration list for PBXNativeTarget "Mycelium WalletTests" */ = {
			isa = XCConfigurationList;
			buildConfigurations = (
				208FFBB619D9802000D4C159 /* Debug */,
				208FFBB719D9802000D4C159 /* Release */,
			);
			defaultConfigurationIsVisible = 0;
			defaultConfigurationName = Release;
		};
/* End XCConfigurationList section */
	};
	rootObject = 208FFB8719D9802000D4C159 /* Project object */;
}
